<?xml version="1.0" encoding="utf-8"?>
<Project ToolsVersion="4.0" xmlns="http://schemas.microsoft.com/developer/msbuild/2003">
  <ItemGroup>
    <Filter Include="Source Files">
      <UniqueIdentifier>{4FC737F1-C7A5-4376-A066-2A32D752A2FF}</UniqueIdentifier>
      <Extensions>cpp;c;cc;cxx;c++;cppm;ixx;def;odl;idl;hpj;bat;asm;asmx</Extensions>
    </Filter>
    <Filter Include="Header Files">
      <UniqueIdentifier>{93995380-89BD-4b04-88EB-625FBE52EBFB}</UniqueIdentifier>
      <Extensions>h;hh;hpp;hxx;h++;hm;inl;inc;ipp;xsd</Extensions>
    </Filter>
    <Filter Include="Resource Files">
      <UniqueIdentifier>{67DA6AB6-F800-4c08-8B7A-83BB121AAD01}</UniqueIdentifier>
      <Extensions>rc;ico;cur;bmp;dlg;rc2;rct;bin;rgs;gif;jpg;jpeg;jpe;resx;tiff;tif;png;wav;mfcribbon-ms</Extensions>
    </Filter>
    <Filter Include="Module Files">
      <UniqueIdentifier>{087cbe22-8e10-46ed-9875-e0f42bf84e04}</UniqueIdentifier>
    </Filter>
    <Filter Include="Module Files\Utilities">
      <UniqueIdentifier>{a004081d-377e-4cd9-82a0-a58e0630bb43}</UniqueIdentifier>
    </Filter>
    <Filter Include="Source Files\Utilities">
      <UniqueIdentifier>{352040ee-9832-464a-b05f-3c674ffd4052}</UniqueIdentifier>
    </Filter>
    <Filter Include="Module Files\Asset Management">
      <UniqueIdentifier>{56ca5760-d22f-4ee3-9073-e6aa5f4c4d47}</UniqueIdentifier>
    </Filter>
    <Filter Include="Module Files\Asset Dependencies">
      <UniqueIdentifier>{f8af0b38-3a4c-40cb-ae6a-82ab0d8f2abc}</UniqueIdentifier>
    </Filter>
    <Filter Include="Source Files\Asset Dependencies">
      <UniqueIdentifier>{d5df1e8d-97a3-4eb0-851c-1abc2229b5e7}</UniqueIdentifier>
    </Filter>
    <Filter Include="Module Files\File I/O">
      <UniqueIdentifier>{83fcc275-1c17-4a57-82f9-a070e0490bcf}</UniqueIdentifier>
    </Filter>
    <Filter Include="Source Files\Asset Management">
      <UniqueIdentifier>{12a691cd-2c95-49a8-b63f-806b9185aff3}</UniqueIdentifier>
    </Filter>
    <Filter Include="Source Files\File I/O">
      <UniqueIdentifier>{040cc01a-80de-4dac-979a-b6ccf8edd6ab}</UniqueIdentifier>
    </Filter>
    <Filter Include="Module Files\Asset Management\Asset I/O Requests">
      <UniqueIdentifier>{cf35ee1b-e31a-499a-a940-8e4174764f65}</UniqueIdentifier>
    </Filter>
    <Filter Include="Source Files\Asset Management\Asset I/O Requests">
      <UniqueIdentifier>{ded3105e-2c14-4bd4-9c5b-a6e2c3c79415}</UniqueIdentifier>
    </Filter>
    <Filter Include="Module Files\Asset Management\Asset I/O Request Handlers">
      <UniqueIdentifier>{1d58d1e0-0a84-4faf-8f90-e477c2f4437e}</UniqueIdentifier>
    </Filter>
    <Filter Include="Source Files\Asset Management\Asset I/O Request Handlers">
      <UniqueIdentifier>{916a8e02-4778-479a-b33a-29baf241f740}</UniqueIdentifier>
    </Filter>
    <Filter Include="Module Files\Asset Management\Asset I/O Request Handlers\DirectStorage">
      <UniqueIdentifier>{5fd29c99-8721-42fe-9f39-7398766254be}</UniqueIdentifier>
    </Filter>
    <Filter Include="Source Files\Asset Management\Asset I/O Request Handlers\DirectStorage">
      <UniqueIdentifier>{d79680fd-65fb-4029-964c-7ac4db15b53f}</UniqueIdentifier>
    </Filter>
    <Filter Include="Module Files\File I/O\ZStandard">
      <UniqueIdentifier>{aa076c3a-f64e-4fcc-9d78-244be8667ecd}</UniqueIdentifier>
    </Filter>
    <Filter Include="Source Files\File I/O\ZStandard">
      <UniqueIdentifier>{3949047f-85df-43ae-83f1-b1483d875d07}</UniqueIdentifier>
    </Filter>
    <Filter Include="Module Files\File I/O\ZStandard\Context Types">
      <UniqueIdentifier>{ea704b28-15d9-42f2-ae45-dcf53932f1c0}</UniqueIdentifier>
    </Filter>
  </ItemGroup>
  <ItemGroup>
    <ClCompile Include="src\DirectStorageUtil.ixx">
      <Filter>Module Files\Utilities</Filter>
    </ClCompile>
    <ClCompile Include="src\DirectStorageUtil.cpp">
      <Filter>Source Files\Utilities</Filter>
    </ClCompile>
    <ClCompile Include="src\AssetManager.ixx">
      <Filter>Module Files\Asset Management</Filter>
    </ClCompile>
    <ClCompile Include="src\AssetDependency.ixx">
      <Filter>Module Files\Asset Dependencies</Filter>
    </ClCompile>
    <ClCompile Include="src\AssetDependency.cpp">
      <Filter>Source Files\Asset Dependencies</Filter>
    </ClCompile>
    <ClCompile Include="src\FilePathHash.ixx">
      <Filter>Module Files\File I/O</Filter>
    </ClCompile>
    <ClCompile Include="src\I_AssetResolver.ixx">
      <Filter>Module Files\Asset Dependencies</Filter>
    </ClCompile>
    <ClCompile Include="src\AssetIORequest.ixx">
      <Filter>Module Files\Asset Management\Asset I/O Requests</Filter>
    </ClCompile>
    <ClCompile Include="src\I_AssetIORequestBuilder.ixx">
      <Filter>Module Files\Asset Management\Asset I/O Requests</Filter>
    </ClCompile>
    <ClCompile Include="src\DirectStorageAssetIORequestBuilder.ixx">
      <Filter>Module Files\Asset Management\Asset I/O Requests</Filter>
    </ClCompile>
    <ClCompile Include="src\SerializedStruct.ixx">
      <Filter>Module Files\File I/O</Filter>
    </ClCompile>
    <ClCompile Include="src\BPKArchiveReader.ixx">
      <Filter>Module Files\Asset Management</Filter>
    </ClCompile>
    <ClCompile Include="src\BPKArchiveReader.cpp">
      <Filter>Source Files\Asset Management</Filter>
    </ClCompile>
    <ClCompile Include="src\MappedFileView.ixx">
      <Filter>Module Files\File I/O</Filter>
    </ClCompile>
    <ClCompile Include="src\FileAccessMode.ixx">
      <Filter>Module Files\File I/O</Filter>
    </ClCompile>
    <ClCompile Include="src\FileMapper.ixx">
      <Filter>Module Files\File I/O</Filter>
    </ClCompile>
    <ClCompile Include="src\FileMapper.cpp">
      <Filter>Source Files\File I/O</Filter>
    </ClCompile>
    <ClCompile Include="src\DirectStorageAssetIORequestBuilder.cpp">
      <Filter>Source Files\Asset Management\Asset I/O Requests</Filter>
    </ClCompile>
    <ClCompile Include="src\AssetRequestEventHandle.ixx">
      <Filter>Module Files\Asset Management</Filter>
    </ClCompile>
    <ClCompile Include="src\AssetRequestEventHandle.cpp">
      <Filter>Source Files\Asset Management</Filter>
    </ClCompile>
    <ClCompile Include="src\AssetLoadingMode.ixx">
      <Filter>Module Files\Asset Management</Filter>
    </ClCompile>
    <ClCompile Include="src\AssetManager.cpp">
      <Filter>Source Files\Asset Management</Filter>
    </ClCompile>
    <ClCompile Include="src\EnqueuedAssetDependency.ixx">
      <Filter>Module Files\Asset Dependencies</Filter>
    </ClCompile>
    <ClCompile Include="src\I_AssetIORequestHandler.ixx">
      <Filter>Module Files\Asset Management\Asset I/O Request Handlers</Filter>
    </ClCompile>
    <ClCompile Include="src\Win32AssetIORequestHandler.ixx">
      <Filter>Module Files\Asset Management\Asset I/O Request Handlers</Filter>
    </ClCompile>
    <ClCompile Include="src\I_AssetIORequestBuilder.cpp">
      <Filter>Source Files\Asset Management\Asset I/O Requests</Filter>
    </ClCompile>
    <ClCompile Include="src\DirectStorageAssetIORequestHandler.ixx">
      <Filter>Module Files\Asset Management\Asset I/O Request Handlers\DirectStorage</Filter>
    </ClCompile>
    <ClCompile Include="src\DirectStorageAssetIORequestHandler.cpp">
      <Filter>Source Files\Asset Management\Asset I/O Request Handlers\DirectStorage</Filter>
    </ClCompile>
    <ClCompile Include="src\DirectStorageQueue.ixx">
      <Filter>Module Files\Asset Management\Asset I/O Request Handlers\DirectStorage</Filter>
    </ClCompile>
    <ClCompile Include="src\DirectStorageQueue.cpp">
      <Filter>Source Files\Asset Management\Asset I/O Request Handlers\DirectStorage</Filter>
    </ClCompile>
    <ClCompile Include="src\PendingDirectStorageRequest.ixx">
      <Filter>Module Files\Asset Management\Asset I/O Request Handlers\DirectStorage</Filter>
    </ClCompile>
    <ClCompile Include="src\PendingDirectStorageRequest.cpp">
      <Filter>Source Files\Asset Management\Asset I/O Request Handlers\DirectStorage</Filter>
    </ClCompile>
    <ClCompile Include="src\DirectStorageStatusArrayEntry.ixx">
      <Filter>Module Files\Asset Management\Asset I/O Request Handlers\DirectStorage</Filter>
    </ClCompile>
    <ClCompile Include="src\AssetRequestEventNotifier.ixx">
      <Filter>Module Files\Asset Management</Filter>
    </ClCompile>
    <ClCompile Include="src\AssetLoadingMode.cpp">
      <Filter>Source Files\Asset Management</Filter>
    </ClCompile>
    <ClCompile Include="src\ZSTDDecompressionOperation.ixx">
      <Filter>Module Files\File I/O\ZStandard</Filter>
    </ClCompile>
    <ClCompile Include="src\ZSTDUtil.ixx">
      <Filter>Module Files\Utilities</Filter>
    </ClCompile>
    <ClCompile Include="src\ZSTDDecompressionOperation.cpp">
      <Filter>Source Files\File I/O\ZStandard</Filter>
    </ClCompile>
    <ClCompile Include="src\ZSTDUtil.cpp">
      <Filter>Source Files\Utilities</Filter>
    </ClCompile>
    <ClCompile Include="src\UnderlyingZSTDContextTypes.ixx">
      <Filter>Module Files\File I/O\ZStandard\Context Types</Filter>
    </ClCompile>
    <ClCompile Include="src\WrappedZSTDContext.ixx">
      <Filter>Module Files\File I/O\ZStandard\Context Types</Filter>
    </ClCompile>
    <ClCompile Include="src\ZSTDContext.ixx">
      <Filter>Module Files\File I/O\ZStandard\Context Types</Filter>
    </ClCompile>
    <ClCompile Include="src\ZSTDContextQueue.ixx">
      <Filter>Module Files\File I/O\ZStandard\Context Types</Filter>
    </ClCompile>
  </ItemGroup>
  <ItemGroup>
    <None Include="packages.config" />
  </ItemGroup>
</Project>