<?xml version="1.0" encoding="utf-8"?>
<Project ToolsVersion="4.0" xmlns="http://schemas.microsoft.com/developer/msbuild/2003">
  <ItemGroup>
    <Filter Include="Source Files">
      <UniqueIdentifier>{4FC737F1-C7A5-4376-A066-2A32D752A2FF}</UniqueIdentifier>
      <Extensions>cpp;c;cc;cxx;c++;cppm;ixx;def;odl;idl;hpj;bat;asm;asmx</Extensions>
    </Filter>
    <Filter Include="Header Files">
      <UniqueIdentifier>{93995380-89BD-4b04-88EB-625FBE52EBFB}</UniqueIdentifier>
      <Extensions>h;hh;hpp;hxx;h++;hm;inl;inc;ipp;xsd</Extensions>
    </Filter>
    <Filter Include="Resource Files">
      <UniqueIdentifier>{67DA6AB6-F800-4c08-8B7A-83BB121AAD01}</UniqueIdentifier>
      <Extensions>rc;ico;cur;bmp;dlg;rc2;rct;bin;rgs;gif;jpg;jpeg;jpe;resx;tiff;tif;png;wav;mfcribbon-ms</Extensions>
    </Filter>
    <Filter Include="Module Files">
      <UniqueIdentifier>{a731dc64-f43f-4e9c-aa6f-2b123fef127d}</UniqueIdentifier>
    </Filter>
    <Filter Include="Module Files\Utilities">
      <UniqueIdentifier>{01085f2b-d6fb-46e1-bcf8-11ad57c2aa12}</UniqueIdentifier>
    </Filter>
    <Filter Include="Source Files\Utilities">
      <UniqueIdentifier>{323a8266-1328-4e46-97d5-e7cd04d63c9d}</UniqueIdentifier>
    </Filter>
    <Filter Include="Module Files\Mesh Parsing">
      <UniqueIdentifier>{6006002e-2533-40fc-97e8-81c0ea2d180f}</UniqueIdentifier>
    </Filter>
    <Filter Include="Source Files\Mesh Parsing">
      <UniqueIdentifier>{9195c9a6-d549-4dfb-9264-aba8b82ccb31}</UniqueIdentifier>
    </Filter>
    <Filter Include="Module Files\File I/O">
      <UniqueIdentifier>{5ba96640-d14a-4ed4-97ce-9e2e7527dc19}</UniqueIdentifier>
    </Filter>
    <Filter Include="Module Files\Textures">
      <UniqueIdentifier>{44813e45-95a9-41a1-b5f1-bdc2bc76d5f4}</UniqueIdentifier>
    </Filter>
    <Filter Include="Module Files\Static Mesh Data">
      <UniqueIdentifier>{66ba2cf4-6c74-43f9-97f5-cbb435172edf}</UniqueIdentifier>
    </Filter>
    <Filter Include="Source Files\Static Mesh Data">
      <UniqueIdentifier>{6935c73a-736f-46b8-812c-2268aa7c3170}</UniqueIdentifier>
    </Filter>
    <Filter Include="Module Files\Math Types">
      <UniqueIdentifier>{6d256e91-c6a0-4032-a022-9c985ca129f5}</UniqueIdentifier>
    </Filter>
    <Filter Include="Source Files\Math Types">
      <UniqueIdentifier>{c620689d-14fc-4917-985c-a8358d2b722b}</UniqueIdentifier>
    </Filter>
    <Filter Include="Module Files\Materials">
      <UniqueIdentifier>{9470ce84-8626-4941-bc52-2bfe865ecc21}</UniqueIdentifier>
    </Filter>
    <Filter Include="Source Files\Materials">
      <UniqueIdentifier>{8cdeb6be-84a3-465f-9e16-baff6ea73efa}</UniqueIdentifier>
    </Filter>
    <Filter Include="Module Files\Animations">
      <UniqueIdentifier>{875d9707-6c88-4228-a287-8512291536d4}</UniqueIdentifier>
    </Filter>
    <Filter Include="Source Files\Animations">
      <UniqueIdentifier>{0ad48a27-0843-4553-83da-dc613e0ea645}</UniqueIdentifier>
    </Filter>
    <Filter Include="Module Files\Convenience Types">
      <UniqueIdentifier>{11866207-1d0b-4fb1-98b9-94ab48ddfbc5}</UniqueIdentifier>
    </Filter>
    <Filter Include="Source Files\Textures">
      <UniqueIdentifier>{18ee58e7-ebbe-4f33-aed5-de131425427d}</UniqueIdentifier>
    </Filter>
    <Filter Include="Shader Files">
      <UniqueIdentifier>{e48d366f-5c91-4676-8d7d-624ceea01c89}</UniqueIdentifier>
    </Filter>
    <Filter Include="Module Files\Render Modules">
      <UniqueIdentifier>{272f588e-9adc-4c59-8690-b01baa7ea7f4}</UniqueIdentifier>
    </Filter>
    <Filter Include="Module Files\File I/O\Mesh Attribute Pointers %28MAPs%29">
      <UniqueIdentifier>{33599010-e8d6-45cf-b96a-de1469d2bd26}</UniqueIdentifier>
    </Filter>
    <Filter Include="Module Files\Command Line Parsing">
      <UniqueIdentifier>{87cf4233-9db8-444b-b7e6-4c9aed189576}</UniqueIdentifier>
    </Filter>
    <Filter Include="Source Files\Command Line Parsing">
      <UniqueIdentifier>{5ca79dfb-240b-467d-97c3-01af256b049d}</UniqueIdentifier>
    </Filter>
  </ItemGroup>
  <ItemGroup>
    <ClCompile Include="src\Main.cpp">
      <Filter>Source Files</Filter>
    </ClCompile>
    <ClCompile Include="src\Application.ixx">
      <Filter>Module Files</Filter>
    </ClCompile>
    <ClCompile Include="src\Application.cpp">
      <Filter>Source Files</Filter>
    </ClCompile>
    <ClCompile Include="src\SceneLoader.ixx">
      <Filter>Module Files\Mesh Parsing</Filter>
    </ClCompile>
    <ClCompile Include="src\SceneLoader.cpp">
      <Filter>Source Files\Mesh Parsing</Filter>
    </ClCompile>
    <ClCompile Include="src\StaticMeshResolver.ixx">
      <Filter>Module Files\Mesh Parsing</Filter>
    </ClCompile>
    <ClCompile Include="src\StaticMeshResolver.cpp">
      <Filter>Source Files\Mesh Parsing</Filter>
    </ClCompile>
    <ClCompile Include="src\FilePathHash.ixx">
      <Filter>Module Files\File I/O</Filter>
    </ClCompile>
    <ClCompile Include="src\SerializationContext.ixx">
      <Filter>Module Files\Mesh Parsing</Filter>
    </ClCompile>
    <ClCompile Include="src\TextureTypeMap.ixx">
      <Filter>Module Files\Textures</Filter>
    </ClCompile>
    <ClCompile Include="src\ModelTextureUtil.ixx">
      <Filter>Module Files\Utilities</Filter>
    </ClCompile>
    <ClCompile Include="src\Texture.ixx">
      <Filter>Module Files\Textures</Filter>
    </ClCompile>
    <ClCompile Include="src\ModelTextureUtil.cpp">
      <Filter>Source Files\Utilities</Filter>
    </ClCompile>
    <ClCompile Include="src\BTEXFileAttributes.ixx">
      <Filter>Module Files\File I/O</Filter>
    </ClCompile>
    <ClCompile Include="src\FileAttributes.ixx">
      <Filter>Module Files\File I/O</Filter>
    </ClCompile>
    <ClCompile Include="src\StaticVertexBuffer.ixx">
      <Filter>Module Files\Static Mesh Data</Filter>
    </ClCompile>
    <ClCompile Include="src\StaticVertexBuffer.cpp">
      <Filter>Source Files\Static Mesh Data</Filter>
    </ClCompile>
    <ClCompile Include="src\AABB.ixx">
      <Filter>Module Files\Math Types</Filter>
    </ClCompile>
    <ClCompile Include="src\AABB.cpp">
      <Filter>Source Files\Math Types</Filter>
    </ClCompile>
    <ClCompile Include="src\IndexBuffer.ixx">
      <Filter>Module Files\Static Mesh Data</Filter>
    </ClCompile>
    <ClCompile Include="src\IndexBuffer.cpp">
      <Filter>Source Files\Static Mesh Data</Filter>
    </ClCompile>
    <ClCompile Include="src\OpaqueMaterialDefinition.ixx">
      <Filter>Module Files\Materials</Filter>
    </ClCompile>
    <ClCompile Include="src\OpaqueMaterialDefinition.cpp">
      <Filter>Source Files\Materials</Filter>
    </ClCompile>
    <ClCompile Include="src\MaterialID.ixx">
      <Filter>Module Files\Materials</Filter>
    </ClCompile>
    <ClCompile Include="src\I_MaterialDefinition.ixx">
      <Filter>Module Files\Materials</Filter>
    </ClCompile>
    <ClCompile Include="src\MaterialIDMap.ixx">
      <Filter>Module Files\Materials</Filter>
    </ClCompile>
    <ClCompile Include="src\MaterialManager.ixx">
      <Filter>Module Files\Materials</Filter>
    </ClCompile>
    <ClCompile Include="src\MaterialManager.cpp">
      <Filter>Source Files\Materials</Filter>
    </ClCompile>
    <ClCompile Include="src\Skeleton.ixx">
      <Filter>Module Files\Animations</Filter>
    </ClCompile>
    <ClCompile Include="src\Matrix.ixx">
      <Filter>Module Files\Math Types</Filter>
    </ClCompile>
    <ClCompile Include="src\SkeletonBone.ixx">
      <Filter>Module Files\Animations</Filter>
    </ClCompile>
    <ClCompile Include="src\Skeleton.cpp">
      <Filter>Source Files\Animations</Filter>
    </ClCompile>
    <ClCompile Include="src\SkeletonBone.cpp">
      <Filter>Source Files\Animations</Filter>
    </ClCompile>
    <ClCompile Include="src\I_MeshManager.ixx">
      <Filter>Module Files\Mesh Parsing</Filter>
    </ClCompile>
    <ClCompile Include="src\MeshTypeID.ixx">
      <Filter>Module Files\Mesh Parsing</Filter>
    </ClCompile>
    <ClCompile Include="src\StaticMeshManager.ixx">
      <Filter>Module Files\Mesh Parsing</Filter>
    </ClCompile>
    <ClCompile Include="src\StaticMeshManager.cpp">
      <Filter>Source Files\Mesh Parsing</Filter>
    </ClCompile>
    <ClCompile Include="src\ModelResolver.ixx">
      <Filter>Module Files\Mesh Parsing</Filter>
    </ClCompile>
    <ClCompile Include="src\ModelResolver.cpp">
      <Filter>Source Files\Mesh Parsing</Filter>
    </ClCompile>
    <ClCompile Include="src\BCTextureCompressionContext.ixx">
      <Filter>Module Files\Textures</Filter>
    </ClCompile>
    <ClCompile Include="src\BCTextureCompressor.ixx">
      <Filter>Module Files\Textures</Filter>
    </ClCompile>
    <ClCompile Include="src\BC7ImageCompressor.ixx">
      <Filter>Module Files\Textures</Filter>
    </ClCompile>
    <ClCompile Include="src\BC7ImageCompressor.cpp">
      <Filter>Source Files\Textures</Filter>
    </ClCompile>
    <ClCompile Include="src\CompositeEnum.ixx">
      <Filter>Module Files\Convenience Types</Filter>
    </ClCompile>
    <ClCompile Include="src\ModelExportUtil.ixx">
      <Filter>Module Files\Utilities</Filter>
    </ClCompile>
    <ClCompile Include="src\ModelExportUtil.cpp">
      <Filter>Source Files\Utilities</Filter>
    </ClCompile>
    <ClCompile Include="src\BC7CompressionRenderModule.ixx">
      <Filter>Module Files\Render Modules</Filter>
    </ClCompile>
    <ClCompile Include="src\MeshAttributePointerDescriptor.ixx">
      <Filter>Module Files\File I/O\Mesh Attribute Pointers %28MAPs%29</Filter>
    </ClCompile>
    <ClCompile Include="src\MeshAttributeID.ixx">
      <Filter>Module Files\File I/O\Mesh Attribute Pointers %28MAPs%29</Filter>
    </ClCompile>
    <ClCompile Include="src\I_MeshResolver.ixx">
      <Filter>Module Files\Mesh Parsing</Filter>
    </ClCompile>
    <ClCompile Include="src\SerializedMeshAttributeChunk.ixx">
      <Filter>Module Files\File I/O\Mesh Attribute Pointers %28MAPs%29</Filter>
    </ClCompile>
    <ClCompile Include="src\LODResolver.ixx">
      <Filter>Module Files\Mesh Parsing</Filter>
    </ClCompile>
    <ClCompile Include="src\LODResolver.cpp">
      <Filter>Source Files\Mesh Parsing</Filter>
    </ClCompile>
    <ClCompile Include="src\ModelTextureDatabase.ixx">
      <Filter>Module Files\Textures</Filter>
    </ClCompile>
    <ClCompile Include="src\MeshResolverCollection.ixx">
      <Filter>Module Files\Mesh Parsing</Filter>
    </ClCompile>
    <ClCompile Include="src\MeshResolverCollection.cpp">
      <Filter>Source Files\Mesh Parsing</Filter>
    </ClCompile>
    <ClCompile Include="src\AppParams.ixx">
      <Filter>Module Files\Command Line Parsing</Filter>
    </ClCompile>
    <ClCompile Include="src\CommandLineParser.ixx">
      <Filter>Module Files\Command Line Parsing</Filter>
    </ClCompile>
    <ClCompile Include="src\CommandLineParser.cpp">
      <Filter>Source Files\Command Line Parsing</Filter>
    </ClCompile>
  </ItemGroup>
  <ItemGroup>
    <FxCompile Include="src\Shaders\BC7Encode.hlsl">
      <Filter>Shader Files</Filter>
    </FxCompile>
  </ItemGroup>
</Project>