<?xml version="1.0" encoding="utf-8"?>
<Project ToolsVersion="4.0" xmlns="http://schemas.microsoft.com/developer/msbuild/2003">
  <ItemGroup>
    <Filter Include="Source Files">
      <UniqueIdentifier>{4FC737F1-C7A5-4376-A066-2A32D752A2FF}</UniqueIdentifier>
      <Extensions>cpp;c;cc;cxx;c++;cppm;ixx;def;odl;idl;hpj;bat;asm;asmx</Extensions>
    </Filter>
    <Filter Include="Header Files">
      <UniqueIdentifier>{93995380-89BD-4b04-88EB-625FBE52EBFB}</UniqueIdentifier>
      <Extensions>h;hh;hpp;hxx;h++;hm;inl;inc;ipp;xsd</Extensions>
    </Filter>
    <Filter Include="Resource Files">
      <UniqueIdentifier>{67DA6AB6-F800-4c08-8B7A-83BB121AAD01}</UniqueIdentifier>
      <Extensions>rc;ico;cur;bmp;dlg;rc2;rct;bin;rgs;gif;jpg;jpeg;jpe;resx;tiff;tif;png;wav;mfcribbon-ms</Extensions>
    </Filter>
    <Filter Include="Module Files">
      <UniqueIdentifier>{a731dc64-f43f-4e9c-aa6f-2b123fef127d}</UniqueIdentifier>
    </Filter>
    <Filter Include="Module Files\Utilities">
      <UniqueIdentifier>{01085f2b-d6fb-46e1-bcf8-11ad57c2aa12}</UniqueIdentifier>
    </Filter>
    <Filter Include="Source Files\Utilities">
      <UniqueIdentifier>{323a8266-1328-4e46-97d5-e7cd04d63c9d}</UniqueIdentifier>
    </Filter>
    <Filter Include="Module Files\Mesh Parsing">
      <UniqueIdentifier>{6006002e-2533-40fc-97e8-81c0ea2d180f}</UniqueIdentifier>
    </Filter>
    <Filter Include="Source Files\Mesh Parsing">
      <UniqueIdentifier>{9195c9a6-d549-4dfb-9264-aba8b82ccb31}</UniqueIdentifier>
    </Filter>
    <Filter Include="Module Files\File I/O">
      <UniqueIdentifier>{5ba96640-d14a-4ed4-97ce-9e2e7527dc19}</UniqueIdentifier>
    </Filter>
    <Filter Include="Module Files\Textures">
      <UniqueIdentifier>{44813e45-95a9-41a1-b5f1-bdc2bc76d5f4}</UniqueIdentifier>
    </Filter>
    <Filter Include="Module Files\Static Mesh Data">
      <UniqueIdentifier>{66ba2cf4-6c74-43f9-97f5-cbb435172edf}</UniqueIdentifier>
    </Filter>
    <Filter Include="Source Files\Static Mesh Data">
      <UniqueIdentifier>{6935c73a-736f-46b8-812c-2268aa7c3170}</UniqueIdentifier>
    </Filter>
    <Filter Include="Module Files\Math Types">
      <UniqueIdentifier>{6d256e91-c6a0-4032-a022-9c985ca129f5}</UniqueIdentifier>
    </Filter>
    <Filter Include="Source Files\Math Types">
      <UniqueIdentifier>{c620689d-14fc-4917-985c-a8358d2b722b}</UniqueIdentifier>
    </Filter>
    <Filter Include="Module Files\Materials">
      <UniqueIdentifier>{9470ce84-8626-4941-bc52-2bfe865ecc21}</UniqueIdentifier>
    </Filter>
    <Filter Include="Source Files\Materials">
      <UniqueIdentifier>{8cdeb6be-84a3-465f-9e16-baff6ea73efa}</UniqueIdentifier>
    </Filter>
    <Filter Include="Module Files\Animations">
      <UniqueIdentifier>{875d9707-6c88-4228-a287-8512291536d4}</UniqueIdentifier>
    </Filter>
    <Filter Include="Source Files\Animations">
      <UniqueIdentifier>{0ad48a27-0843-4553-83da-dc613e0ea645}</UniqueIdentifier>
    </Filter>
    <Filter Include="Source Files\Textures">
      <UniqueIdentifier>{18ee58e7-ebbe-4f33-aed5-de131425427d}</UniqueIdentifier>
    </Filter>
    <Filter Include="Shader Files">
      <UniqueIdentifier>{e48d366f-5c91-4676-8d7d-624ceea01c89}</UniqueIdentifier>
    </Filter>
    <Filter Include="Module Files\Render Modules">
      <UniqueIdentifier>{272f588e-9adc-4c59-8690-b01baa7ea7f4}</UniqueIdentifier>
    </Filter>
    <Filter Include="Module Files\Command Line Parsing">
      <UniqueIdentifier>{87cf4233-9db8-444b-b7e6-4c9aed189576}</UniqueIdentifier>
    </Filter>
    <Filter Include="Source Files\Command Line Parsing">
      <UniqueIdentifier>{5ca79dfb-240b-467d-97c3-01af256b049d}</UniqueIdentifier>
    </Filter>
    <Filter Include="Module Files\Textures\Mip-Map Generators">
      <UniqueIdentifier>{47a5f549-eb19-4a46-9578-244887a5c9e3}</UniqueIdentifier>
    </Filter>
    <Filter Include="Source Files\Render Modules">
      <UniqueIdentifier>{915515ab-d8e8-45c0-9b7d-82f2fc15dc4a}</UniqueIdentifier>
    </Filter>
    <Filter Include="Module Files\Model Texture Resolvers">
      <UniqueIdentifier>{a18d667c-ebd9-4952-9972-af26ca339766}</UniqueIdentifier>
    </Filter>
    <Filter Include="Module Files\Textures\Assimp Texture Conversion">
      <UniqueIdentifier>{7177c306-6e9d-4f6a-a4f0-eb90a16d3dfd}</UniqueIdentifier>
    </Filter>
    <Filter Include="Source Files\Model Texture Resolvers">
      <UniqueIdentifier>{b799c220-cd9d-4afd-adca-3b97e09e4068}</UniqueIdentifier>
    </Filter>
    <Filter Include="Module Files\Model Texture Resolvers\Opaque Diffuse">
      <UniqueIdentifier>{748eee15-661e-41e9-ba79-c1e80cf13a05}</UniqueIdentifier>
    </Filter>
    <Filter Include="Source Files\Model Texture Resolvers\Opaque Diffuse">
      <UniqueIdentifier>{2f514f87-f98c-4717-90a8-a4f7edaf6daa}</UniqueIdentifier>
    </Filter>
    <Filter Include="Module Files\Mesh Parsing\Normal Bounding Cones">
      <UniqueIdentifier>{90dafcb6-245d-4b42-a863-35c199236854}</UniqueIdentifier>
    </Filter>
    <Filter Include="Source Files\Mesh Parsing\Normal Bounding Cones">
      <UniqueIdentifier>{d09ca4a1-01ea-4e17-a0cb-cff81231f631}</UniqueIdentifier>
    </Filter>
    <Filter Include="Module Files\Textures\Model Texture Serialization">
      <UniqueIdentifier>{b2470c6e-04d0-4719-b3b8-42462fcc782b}</UniqueIdentifier>
    </Filter>
    <Filter Include="Source Files\Textures\Model Texture Serialization">
      <UniqueIdentifier>{4c78b39d-2f59-4615-bf64-6273cf58c61a}</UniqueIdentifier>
    </Filter>
    <Filter Include="Module Files\File I/O\SHA-512 Hashing">
      <UniqueIdentifier>{b3503302-25e7-4759-9df7-5887be1039d4}</UniqueIdentifier>
    </Filter>
    <Filter Include="Source Files\File I/O">
      <UniqueIdentifier>{01c83128-6099-4e94-94bf-fbee6ad8f423}</UniqueIdentifier>
    </Filter>
    <Filter Include="Source Files\File I/O\SHA-512 Hashing">
      <UniqueIdentifier>{cbc9e8a8-9b98-4f5f-b1de-d54d40c34a1a}</UniqueIdentifier>
    </Filter>
    <Filter Include="Module Files\Textures\Virtual Textures">
      <UniqueIdentifier>{aaa98387-7c06-4b23-9535-7d06ec7e4bd6}</UniqueIdentifier>
    </Filter>
    <Filter Include="Source Files\Textures\Virtual Textures">
      <UniqueIdentifier>{6d91a75d-da4b-4422-ba6a-6f56ab9dedd1}</UniqueIdentifier>
    </Filter>
  </ItemGroup>
  <ItemGroup>
    <ClCompile Include="src\Main.cpp">
      <Filter>Source Files</Filter>
    </ClCompile>
    <ClCompile Include="src\Application.ixx">
      <Filter>Module Files</Filter>
    </ClCompile>
    <ClCompile Include="src\Application.cpp">
      <Filter>Source Files</Filter>
    </ClCompile>
    <ClCompile Include="src\StaticMeshResolver.ixx">
      <Filter>Module Files\Mesh Parsing</Filter>
    </ClCompile>
    <ClCompile Include="src\StaticMeshResolver.cpp">
      <Filter>Source Files\Mesh Parsing</Filter>
    </ClCompile>
    <ClCompile Include="src\FilePathHash.ixx">
      <Filter>Module Files\File I/O</Filter>
    </ClCompile>
    <ClCompile Include="src\SerializationContext.ixx">
      <Filter>Module Files\Mesh Parsing</Filter>
    </ClCompile>
    <ClCompile Include="src\TextureTypeMap.ixx">
      <Filter>Module Files\Textures</Filter>
    </ClCompile>
    <ClCompile Include="src\BTEXFileAttributes.ixx">
      <Filter>Module Files\File I/O</Filter>
    </ClCompile>
    <ClCompile Include="src\FileAttributes.ixx">
      <Filter>Module Files\File I/O</Filter>
    </ClCompile>
    <ClCompile Include="src\StaticVertexBuffer.ixx">
      <Filter>Module Files\Static Mesh Data</Filter>
    </ClCompile>
    <ClCompile Include="src\StaticVertexBuffer.cpp">
      <Filter>Source Files\Static Mesh Data</Filter>
    </ClCompile>
    <ClCompile Include="src\AABB.ixx">
      <Filter>Module Files\Math Types</Filter>
    </ClCompile>
    <ClCompile Include="src\AABB.cpp">
      <Filter>Source Files\Math Types</Filter>
    </ClCompile>
    <ClCompile Include="src\IndexBuffer.ixx">
      <Filter>Module Files\Static Mesh Data</Filter>
    </ClCompile>
    <ClCompile Include="src\OpaqueMaterialDefinition.ixx">
      <Filter>Module Files\Materials</Filter>
    </ClCompile>
    <ClCompile Include="src\OpaqueMaterialDefinition.cpp">
      <Filter>Source Files\Materials</Filter>
    </ClCompile>
    <ClCompile Include="src\MaterialID.ixx">
      <Filter>Module Files\Materials</Filter>
    </ClCompile>
    <ClCompile Include="src\I_MaterialDefinition.ixx">
      <Filter>Module Files\Materials</Filter>
    </ClCompile>
    <ClCompile Include="src\Skeleton.ixx">
      <Filter>Module Files\Animations</Filter>
    </ClCompile>
    <ClCompile Include="src\Matrix.ixx">
      <Filter>Module Files\Math Types</Filter>
    </ClCompile>
    <ClCompile Include="src\SkeletonBone.ixx">
      <Filter>Module Files\Animations</Filter>
    </ClCompile>
    <ClCompile Include="src\Skeleton.cpp">
      <Filter>Source Files\Animations</Filter>
    </ClCompile>
    <ClCompile Include="src\SkeletonBone.cpp">
      <Filter>Source Files\Animations</Filter>
    </ClCompile>
    <ClCompile Include="src\I_MeshManager.ixx">
      <Filter>Module Files\Mesh Parsing</Filter>
    </ClCompile>
    <ClCompile Include="src\MeshTypeID.ixx">
      <Filter>Module Files\Mesh Parsing</Filter>
    </ClCompile>
    <ClCompile Include="src\ModelResolver.ixx">
      <Filter>Module Files\Mesh Parsing</Filter>
    </ClCompile>
    <ClCompile Include="src\ModelResolver.cpp">
      <Filter>Source Files\Mesh Parsing</Filter>
    </ClCompile>
    <ClCompile Include="src\BC7ImageCompressor.ixx">
      <Filter>Module Files\Textures</Filter>
    </ClCompile>
    <ClCompile Include="src\BC7ImageCompressor.cpp">
      <Filter>Source Files\Textures</Filter>
    </ClCompile>
    <ClCompile Include="src\ModelExportUtil.ixx">
      <Filter>Module Files\Utilities</Filter>
    </ClCompile>
    <ClCompile Include="src\ModelExportUtil.cpp">
      <Filter>Source Files\Utilities</Filter>
    </ClCompile>
    <ClCompile Include="src\I_MeshResolver.ixx">
      <Filter>Module Files\Mesh Parsing</Filter>
    </ClCompile>
    <ClCompile Include="src\LODResolver.ixx">
      <Filter>Module Files\Mesh Parsing</Filter>
    </ClCompile>
    <ClCompile Include="src\LODResolver.cpp">
      <Filter>Source Files\Mesh Parsing</Filter>
    </ClCompile>
    <ClCompile Include="src\MeshResolverCollection.ixx">
      <Filter>Module Files\Mesh Parsing</Filter>
    </ClCompile>
    <ClCompile Include="src\CommandLineParser.ixx">
      <Filter>Module Files\Command Line Parsing</Filter>
    </ClCompile>
    <ClCompile Include="src\CommandLineParser.cpp">
      <Filter>Source Files\Command Line Parsing</Filter>
    </ClCompile>
    <ClCompile Include="src\MeshResolverBase.ixx">
      <Filter>Module Files\Mesh Parsing</Filter>
    </ClCompile>
    <ClCompile Include="src\ImportedMesh.ixx">
      <Filter>Module Files\Mesh Parsing</Filter>
    </ClCompile>
    <ClCompile Include="src\ImportedMesh.cpp">
      <Filter>Source Files\Mesh Parsing</Filter>
    </ClCompile>
    <ClCompile Include="src\LODScene.ixx">
      <Filter>Module Files\Mesh Parsing</Filter>
    </ClCompile>
    <ClCompile Include="src\LaunchParams.cpp">
      <Filter>Source Files\Command Line Parsing</Filter>
    </ClCompile>
    <ClCompile Include="src\GenericMipMapGenerator.ixx">
      <Filter>Module Files\Textures\Mip-Map Generators</Filter>
    </ClCompile>
    <ClCompile Include="src\I_MaterialDefinition.cpp">
      <Filter>Source Files\Materials</Filter>
    </ClCompile>
    <ClCompile Include="src\MeshResolverBase.cpp">
      <Filter>Source Files\Mesh Parsing</Filter>
    </ClCompile>
    <ClCompile Include="src\LODScene.cpp">
      <Filter>Source Files\Mesh Parsing</Filter>
    </ClCompile>
    <ClCompile Include="src\LaunchParams.ixx">
      <Filter>Module Files\Command Line Parsing</Filter>
    </ClCompile>
    <ClCompile Include="src\AssimpMaterialKey.ixx">
      <Filter>Module Files\Materials</Filter>
    </ClCompile>
    <ClCompile Include="src\AssimpMaterialKeyID.ixx">
      <Filter>Module Files\Materials</Filter>
    </ClCompile>
    <ClCompile Include="src\AssimpMaterials.ixx">
      <Filter>Module Files\Materials</Filter>
    </ClCompile>
    <ClCompile Include="src\AssimpTextureConverter.ixx">
      <Filter>Module Files\Textures\Assimp Texture Conversion</Filter>
    </ClCompile>
    <ClCompile Include="src\AssimpTextureMaterialColorMap.ixx">
      <Filter>Module Files\Textures\Assimp Texture Conversion</Filter>
    </ClCompile>
    <ClCompile Include="src\ModelTextureResolutionRenderModule.ixx">
      <Filter>Module Files\Render Modules</Filter>
    </ClCompile>
    <ClCompile Include="src\ModelTextureResolutionRenderModule.cpp">
      <Filter>Source Files\Render Modules</Filter>
    </ClCompile>
    <ClCompile Include="src\ModelTextureResolutionEventHandle.ixx">
      <Filter>Module Files\Model Texture Resolvers</Filter>
    </ClCompile>
    <ClCompile Include="src\ModelTextureResolutionEventHandle.cpp">
      <Filter>Source Files\Model Texture Resolvers</Filter>
    </ClCompile>
    <ClCompile Include="src\OpaqueDiffuseModelTextureResolver.ixx">
      <Filter>Module Files\Model Texture Resolvers\Opaque Diffuse</Filter>
    </ClCompile>
    <ClCompile Include="src\OpaqueDiffuseModelTextureResolver.cpp">
      <Filter>Source Files\Model Texture Resolvers\Opaque Diffuse</Filter>
    </ClCompile>
    <ClCompile Include="src\OpaqueDiffuseSourceTextureUpload.cpp">
      <Filter>Source Files\Model Texture Resolvers\Opaque Diffuse</Filter>
    </ClCompile>
    <ClCompile Include="src\OpaqueDiffuseBC7Compression.cpp">
      <Filter>Source Files\Model Texture Resolvers\Opaque Diffuse</Filter>
    </ClCompile>
    <ClCompile Include="src\OpaqueDiffuseMipMapping.cpp">
      <Filter>Source Files\Model Texture Resolvers\Opaque Diffuse</Filter>
    </ClCompile>
    <ClCompile Include="src\OpaqueDiffuseReadBackBufferCopy.cpp">
      <Filter>Source Files\Model Texture Resolvers\Opaque Diffuse</Filter>
    </ClCompile>
    <ClCompile Include="src\MipMapGeneration.ixx">
      <Filter>Module Files\Textures\Mip-Map Generators</Filter>
    </ClCompile>
    <ClCompile Include="src\NormalBoundingConeSolver.ixx">
      <Filter>Module Files\Mesh Parsing\Normal Bounding Cones</Filter>
    </ClCompile>
    <ClCompile Include="src\NormalBoundingConeSolver.cpp">
      <Filter>Source Files\Mesh Parsing\Normal Bounding Cones</Filter>
    </ClCompile>
    <ClCompile Include="src\NormalBoundingConeTypes.ixx">
      <Filter>Module Files\Mesh Parsing\Normal Bounding Cones</Filter>
    </ClCompile>
    <ClCompile Include="src\StaticVertexData.ixx">
      <Filter>Module Files\Static Mesh Data</Filter>
    </ClCompile>
    <ClCompile Include="src\NormalBoundingConeTriangleGrouper.ixx">
      <Filter>Module Files\Mesh Parsing\Normal Bounding Cones</Filter>
    </ClCompile>
    <ClCompile Include="src\NormalBoundingCones.ixx">
      <Filter>Module Files\Mesh Parsing\Normal Bounding Cones</Filter>
    </ClCompile>
    <ClCompile Include="src\FileMagicHandler.ixx">
      <Filter>Module Files\File I/O</Filter>
    </ClCompile>
    <ClCompile Include="src\IndexBuffer.cpp">
      <Filter>Source Files\Static Mesh Data</Filter>
    </ClCompile>
    <ClCompile Include="src\SerializedMaterialDefinition.ixx">
      <Filter>Module Files\Materials</Filter>
    </ClCompile>
    <ClCompile Include="src\ModelTextureID.ixx">
      <Filter>Module Files\Textures</Filter>
    </ClCompile>
    <ClCompile Include="src\ModelTextureSerializer.ixx">
      <Filter>Module Files\Textures\Model Texture Serialization</Filter>
    </ClCompile>
    <ClCompile Include="src\ModelTextureSerializer.cpp">
      <Filter>Source Files\Textures\Model Texture Serialization</Filter>
    </ClCompile>
    <ClCompile Include="src\SHA512Hasher.ixx">
      <Filter>Module Files\File I/O\SHA-512 Hashing</Filter>
    </ClCompile>
    <ClCompile Include="src\SHA512Hashing.ixx">
      <Filter>Module Files\File I/O\SHA-512 Hashing</Filter>
    </ClCompile>
    <ClCompile Include="src\SHA512Hash.ixx">
      <Filter>Module Files\File I/O\SHA-512 Hashing</Filter>
    </ClCompile>
    <ClCompile Include="src\SHA512Hasher.cpp">
      <Filter>Source Files\File I/O\SHA-512 Hashing</Filter>
    </ClCompile>
    <ClCompile Include="src\SHA512AlgorithmProvider.ixx">
      <Filter>Module Files\File I/O\SHA-512 Hashing</Filter>
    </ClCompile>
    <ClCompile Include="src\SHA512AlgorithmProvider.cpp">
      <Filter>Source Files\File I/O\SHA-512 Hashing</Filter>
    </ClCompile>
    <ClCompile Include="src\SerializedStaticMeshData.ixx">
      <Filter>Module Files\Static Mesh Data</Filter>
    </ClCompile>
    <ClCompile Include="src\ByteStream.ixx">
      <Filter>Module Files\File I/O</Filter>
    </ClCompile>
    <ClCompile Include="src\VirtualTexturePartitioner.ixx">
      <Filter>Module Files\Textures\Virtual Textures</Filter>
    </ClCompile>
    <ClCompile Include="src\VirtualTexturePage.ixx">
      <Filter>Module Files\Textures\Virtual Textures</Filter>
    </ClCompile>
    <ClCompile Include="src\VirtualTexturePageFilterMode.ixx">
      <Filter>Module Files\Textures\Virtual Textures</Filter>
    </ClCompile>
    <ClCompile Include="src\VirtualTexturePage.cpp">
      <Filter>Source Files\Textures\Virtual Textures</Filter>
    </ClCompile>
    <ClCompile Include="src\VirtualTextureConstants.ixx">
      <Filter>Module Files\Textures\Virtual Textures</Filter>
    </ClCompile>
  </ItemGroup>
  <ItemGroup>
    <FxCompile Include="src\Shaders\BC7Encode.hlsl">
      <Filter>Shader Files</Filter>
    </FxCompile>
    <FxCompile Include="src\Shaders\GenerateMipMaps.hlsl">
      <Filter>Shader Files</Filter>
    </FxCompile>
    <FxCompile Include="src\Shaders\StaticIndirectPrepare.hlsl">
      <Filter>Shader Files</Filter>
    </FxCompile>
    <FxCompile Include="src\Shaders\VirtualTextureTiling.hlsl">
      <Filter>Shader Files</Filter>
    </FxCompile>
    <FxCompile Include="src\Shaders\VirtualTexturePageMerging.hlsl">
      <Filter>Shader Files</Filter>
    </FxCompile>
  </ItemGroup>
  <ItemGroup>
    <None Include="packages.config" />
    <None Include="src\Shaders\GeometryTypes.hlsli">
      <Filter>Shader Files</Filter>
    </None>
    <None Include="src\Shaders\BindlessDescriptors.hlsli">
      <Filter>Shader Files</Filter>
    </None>
    <None Include="src\Shaders\GeneralUtil.hlsli">
      <Filter>Shader Files</Filter>
    </None>
    <None Include="src\Shaders\VirtualTextureConstants.hlsli">
      <Filter>Shader Files</Filter>
    </None>
    <None Include="src\Shaders\ColorSpaceUtil.hlsli">
      <Filter>Shader Files</Filter>
    </None>
    <None Include="src\Shaders\VirtualTextureUtil.hlsli">
      <Filter>Shader Files</Filter>
    </None>
  </ItemGroup>
  <ItemGroup>
    <ClInclude Include="src\EngineConstantsDef.h">
      <Filter>Header Files</Filter>
    </ClInclude>
  </ItemGroup>
</Project>