<?xml version="1.0" encoding="utf-8"?>
<Project ToolsVersion="4.0" xmlns="http://schemas.microsoft.com/developer/msbuild/2003">
  <ItemGroup>
    <Filter Include="Source Files">
      <UniqueIdentifier>{4FC737F1-C7A5-4376-A066-2A32D752A2FF}</UniqueIdentifier>
      <Extensions>cpp;c;cc;cxx;c++;cppm;ixx;def;odl;idl;hpj;bat;asm;asmx</Extensions>
    </Filter>
    <Filter Include="Header Files">
      <UniqueIdentifier>{93995380-89BD-4b04-88EB-625FBE52EBFB}</UniqueIdentifier>
      <Extensions>h;hh;hpp;hxx;h++;hm;inl;inc;ipp;xsd</Extensions>
    </Filter>
    <Filter Include="Resource Files">
      <UniqueIdentifier>{67DA6AB6-F800-4c08-8B7A-83BB121AAD01}</UniqueIdentifier>
      <Extensions>rc;ico;cur;bmp;dlg;rc2;rct;bin;rgs;gif;jpg;jpeg;jpe;resx;tiff;tif;png;wav;mfcribbon-ms</Extensions>
    </Filter>
    <Filter Include="Module Files">
      <UniqueIdentifier>{21253bf4-0626-49c6-86f9-92a09383e79c}</UniqueIdentifier>
    </Filter>
    <Filter Include="Module Files\Win32">
      <UniqueIdentifier>{236dafd2-5ca5-4c57-ae72-87500f9a1871}</UniqueIdentifier>
    </Filter>
    <Filter Include="Module Files\Components">
      <UniqueIdentifier>{4727d02e-55f3-4af9-bdad-d3e2321cfb82}</UniqueIdentifier>
    </Filter>
    <Filter Include="Source Files\Components">
      <UniqueIdentifier>{8dde66e7-7e7e-43d9-b22b-a4468217dcf4}</UniqueIdentifier>
    </Filter>
    <Filter Include="Module Files\Concepts">
      <UniqueIdentifier>{4435be71-15ba-4bf7-8a77-07db48df99c0}</UniqueIdentifier>
    </Filter>
    <Filter Include="Module Files\Settings">
      <UniqueIdentifier>{ee788058-70fe-47c7-b24d-a394caf181a9}</UniqueIdentifier>
    </Filter>
    <Filter Include="Source Files\Settings">
      <UniqueIdentifier>{3e6e113d-854d-4e7e-8601-26bdd37dcfa2}</UniqueIdentifier>
    </Filter>
    <Filter Include="Module Files\Scene Graph">
      <UniqueIdentifier>{0d6b1606-22dd-484f-b125-53e9b281fc85}</UniqueIdentifier>
    </Filter>
    <Filter Include="Source Files\Scene Graph">
      <UniqueIdentifier>{df97a35b-0815-4534-8526-b78ef4b68313}</UniqueIdentifier>
    </Filter>
    <Filter Include="Module Files\Application State">
      <UniqueIdentifier>{27b4e838-8350-4059-a66b-6ef758bc21f6}</UniqueIdentifier>
    </Filter>
    <Filter Include="Source Files\Application State">
      <UniqueIdentifier>{d73feadb-f51f-4d93-a877-4aae68469670}</UniqueIdentifier>
    </Filter>
    <Filter Include="Module Files\Application State\States">
      <UniqueIdentifier>{8e377aa4-4b03-4486-8766-4ccf66f10b4b}</UniqueIdentifier>
    </Filter>
    <Filter Include="Source Files\Application State\States">
      <UniqueIdentifier>{83fabb6f-993e-4657-bf5d-09eb25a3fff4}</UniqueIdentifier>
    </Filter>
    <Filter Include="Shader Files">
      <UniqueIdentifier>{74a0ae76-59d8-432a-97e6-a7d315ed4c58}</UniqueIdentifier>
    </Filter>
    <Filter Include="Shader Files\Compression">
      <UniqueIdentifier>{077c2b8d-53aa-47c0-851e-4db98dea383c}</UniqueIdentifier>
    </Filter>
    <Filter Include="Module Files\Window Management">
      <UniqueIdentifier>{0102cfd4-99e5-4760-b2b1-efc917262e34}</UniqueIdentifier>
    </Filter>
    <Filter Include="Source Files\Window Management">
      <UniqueIdentifier>{6ab83be8-0663-40f8-b5ec-2715ea88c78c}</UniqueIdentifier>
    </Filter>
    <Filter Include="Module Files\Window Management\Window States">
      <UniqueIdentifier>{ebd20ee8-b440-442a-b69d-da70a9789a9b}</UniqueIdentifier>
    </Filter>
    <Filter Include="Source Files\Window Management\Window States">
      <UniqueIdentifier>{303aa2eb-575e-4f6c-bacb-f2a1bda3f115}</UniqueIdentifier>
    </Filter>
    <Filter Include="Module Files\Settings\Setting Enumerations">
      <UniqueIdentifier>{3163e358-63ff-4b87-836d-54c5a578132a}</UniqueIdentifier>
    </Filter>
    <Filter Include="Module Files\Math">
      <UniqueIdentifier>{a508725f-68f2-4d06-a8aa-93edf5311af0}</UniqueIdentifier>
    </Filter>
  </ItemGroup>
  <ItemGroup>
    <ClCompile Include="src\Main.cpp">
      <Filter>Source Files</Filter>
    </ClCompile>
    <ClCompile Include="src\Application.cpp">
      <Filter>Source Files</Filter>
    </ClCompile>
    <ClCompile Include="src\ExceptionReporter.cpp">
      <Filter>Source Files</Filter>
    </ClCompile>
    <ClCompile Include="src\Manifest.ixx">
      <Filter>Module Files</Filter>
    </ClCompile>
    <ClCompile Include="src\ExceptionReporter.ixx">
      <Filter>Module Files</Filter>
    </ClCompile>
    <ClCompile Include="src\WindowMessage.ixx">
      <Filter>Module Files\Win32</Filter>
    </ClCompile>
    <ClCompile Include="src\Application.ixx">
      <Filter>Module Files</Filter>
    </ClCompile>
    <ClCompile Include="src\I_Component.ixx">
      <Filter>Module Files\Components</Filter>
    </ClCompile>
    <ClCompile Include="src\I_Component.cpp">
      <Filter>Source Files\Components</Filter>
    </ClCompile>
    <ClCompile Include="src\ComponentID.ixx">
      <Filter>Module Files\Components</Filter>
    </ClCompile>
    <ClCompile Include="src\ComponentCollection.ixx">
      <Filter>Module Files\Components</Filter>
    </ClCompile>
    <ClCompile Include="src\ComponentCollection.cpp">
      <Filter>Source Files\Components</Filter>
    </ClCompile>
    <ClCompile Include="src\SettingID.ixx">
      <Filter>Module Files\Settings</Filter>
    </ClCompile>
    <ClCompile Include="src\SettingsDef.ixx">
      <Filter>Module Files\Settings</Filter>
    </ClCompile>
    <ClCompile Include="src\SettingsManager.ixx">
      <Filter>Module Files\Settings</Filter>
    </ClCompile>
    <ClCompile Include="src\SettingsManager.cpp">
      <Filter>Source Files\Settings</Filter>
    </ClCompile>
    <ClCompile Include="src\INIManager.ixx">
      <Filter>Module Files\Settings</Filter>
    </ClCompile>
    <ClCompile Include="src\INIManager.cpp">
      <Filter>Source Files\Settings</Filter>
    </ClCompile>
    <ClCompile Include="src\CompositeEnum.ixx">
      <Filter>Module Files</Filter>
    </ClCompile>
    <ClCompile Include="src\MSVCConcepts.ixx">
      <Filter>Module Files\Concepts</Filter>
    </ClCompile>
    <ClCompile Include="src\SceneNode.ixx">
      <Filter>Module Files\Scene Graph</Filter>
    </ClCompile>
    <ClCompile Include="src\SceneGraph.ixx">
      <Filter>Module Files\Scene Graph</Filter>
    </ClCompile>
    <ClCompile Include="src\SceneNodeID.ixx">
      <Filter>Module Files\Scene Graph</Filter>
    </ClCompile>
    <ClCompile Include="src\SceneNode.cpp">
      <Filter>Source Files\Scene Graph</Filter>
    </ClCompile>
    <ClCompile Include="src\SceneGraph.cpp">
      <Filter>Source Files\Scene Graph</Filter>
    </ClCompile>
    <ClCompile Include="src\ApplicationStateStack.ixx">
      <Filter>Module Files\Application State</Filter>
    </ClCompile>
    <ClCompile Include="src\I_ApplicationState.ixx">
      <Filter>Module Files\Application State</Filter>
    </ClCompile>
    <ClCompile Include="src\I_ApplicationState.cpp">
      <Filter>Source Files\Application State</Filter>
    </ClCompile>
    <ClCompile Include="src\ApplicationStateID.ixx">
      <Filter>Module Files\Application State</Filter>
    </ClCompile>
    <ClCompile Include="src\ApplicationStateMap.ixx">
      <Filter>Module Files\Application State</Filter>
    </ClCompile>
    <ClCompile Include="src\ApplicationStateStackRequestBundle.ixx">
      <Filter>Module Files\Application State</Filter>
    </ClCompile>
    <ClCompile Include="src\ApplicationStateStackRequest.ixx">
      <Filter>Module Files\Application State</Filter>
    </ClCompile>
    <ClCompile Include="src\ApplicationStateStackRequestBundle.cpp">
      <Filter>Source Files\Application State</Filter>
    </ClCompile>
    <ClCompile Include="src\ApplicationStateStack.cpp">
      <Filter>Source Files\Application State</Filter>
    </ClCompile>
    <ClCompile Include="src\GameState.ixx">
      <Filter>Module Files\Application State\States</Filter>
    </ClCompile>
    <ClCompile Include="src\ApplicationStates.ixx">
      <Filter>Module Files\Application State\States</Filter>
    </ClCompile>
    <ClCompile Include="src\GameState.cpp">
      <Filter>Source Files\Application State\States</Filter>
    </ClCompile>
    <ClCompile Include="src\World.ixx">
      <Filter>Module Files\Scene Graph</Filter>
    </ClCompile>
    <ClCompile Include="src\World.cpp">
      <Filter>Source Files\Scene Graph</Filter>
    </ClCompile>
    <ClCompile Include="src\I_ViewComponent.ixx">
      <Filter>Module Files\Components</Filter>
    </ClCompile>
    <ClCompile Include="src\Components.ixx">
      <Filter>Module Files\Components</Filter>
    </ClCompile>
    <ClCompile Include="src\ComponentMap.ixx">
      <Filter>Module Files\Components</Filter>
    </ClCompile>
    <ClCompile Include="src\I_ViewComponent.cpp">
      <Filter>Source Files\Components</Filter>
    </ClCompile>
    <ClCompile Include="src\MonitorHub.ixx">
      <Filter>Module Files\Window Management</Filter>
    </ClCompile>
    <ClCompile Include="src\Monitor.ixx">
      <Filter>Module Files\Window Management</Filter>
    </ClCompile>
    <ClCompile Include="src\MonitorHub.cpp">
      <Filter>Source Files\Window Management</Filter>
    </ClCompile>
    <ClCompile Include="src\Monitor.cpp">
      <Filter>Source Files\Window Management</Filter>
    </ClCompile>
    <ClCompile Include="src\AppWindow.ixx">
      <Filter>Module Files\Window Management</Filter>
    </ClCompile>
    <ClCompile Include="src\I_WindowState.ixx">
      <Filter>Module Files\Window Management\Window States</Filter>
    </ClCompile>
    <ClCompile Include="src\WindowStateID.ixx">
      <Filter>Module Files\Window Management\Window States</Filter>
    </ClCompile>
    <ClCompile Include="src\WindowedModeWindowState.ixx">
      <Filter>Module Files\Window Management\Window States</Filter>
    </ClCompile>
    <ClCompile Include="src\WindowedModeWindowState.cpp">
      <Filter>Source Files\Window Management\Window States</Filter>
    </ClCompile>
    <ClCompile Include="src\FullscreenModeWindowState.ixx">
      <Filter>Module Files\Window Management\Window States</Filter>
    </ClCompile>
    <ClCompile Include="src\FullscreenModeWindowState.cpp">
      <Filter>Source Files\Window Management\Window States</Filter>
    </ClCompile>
    <ClCompile Include="src\WindowStateTraits.ixx">
      <Filter>Module Files\Window Management\Window States</Filter>
    </ClCompile>
    <ClCompile Include="src\AppWindow.cpp">
      <Filter>Source Files\Window Management</Filter>
    </ClCompile>
    <ClCompile Include="src\SwapChain.ixx">
      <Filter>Module Files\Window Management</Filter>
    </ClCompile>
    <ClCompile Include="src\BorderlessWindowedModeWindowState.ixx">
      <Filter>Module Files\Window Management\Window States</Filter>
    </ClCompile>
    <ClCompile Include="src\BorderlessWindowedModeWindowState.cpp">
      <Filter>Source Files\Window Management\Window States</Filter>
    </ClCompile>
    <ClCompile Include="src\WindowDisplayMode.ixx">
      <Filter>Module Files\Settings\Setting Enumerations</Filter>
    </ClCompile>
    <ClCompile Include="src\CreateWindowInfo.ixx">
      <Filter>Module Files\Win32</Filter>
    </ClCompile>
    <ClCompile Include="src\SwapChain.cpp">
      <Filter>Source Files\Window Management</Filter>
    </ClCompile>
    <ClCompile Include="src\Vector.ixx">
      <Filter>Module Files\Math</Filter>
    </ClCompile>
    <ClCompile Include="src\Matrix.ixx">
      <Filter>Module Files\Math</Filter>
    </ClCompile>
    <ClCompile Include="src\MathTypes.ixx">
      <Filter>Module Files\Math</Filter>
    </ClCompile>
    <ClCompile Include="src\WindowMessageHandler.ixx">
      <Filter>Module Files\Window Management</Filter>
    </ClCompile>
    <ClCompile Include="src\WindowMessageHandler.cpp">
      <Filter>Source Files\Window Management</Filter>
    </ClCompile>
  </ItemGroup>
  <ItemGroup>
    <ClInclude Include="resource.h">
      <Filter>Header Files</Filter>
    </ClInclude>
  </ItemGroup>
  <ItemGroup>
    <ResourceCompile Include="BrawlerEngine.rc">
      <Filter>Resource Files</Filter>
    </ResourceCompile>
  </ItemGroup>
  <ItemGroup>
    <None Include="src\TangentFramePacking.hlsli">
      <Filter>Shader Files\Compression</Filter>
    </None>
    <None Include="src\NormalPacking.hlsli">
      <Filter>Shader Files\Compression</Filter>
    </None>
    <None Include="packages.config" />
  </ItemGroup>
  <ItemGroup>
    <Manifest Include="BrawlerEngine.manifest">
      <Filter>Resource Files</Filter>
    </Manifest>
  </ItemGroup>
</Project>