<?xml version="1.0" encoding="utf-8"?>
<Project ToolsVersion="4.0" xmlns="http://schemas.microsoft.com/developer/msbuild/2003">
  <ItemGroup>
    <Filter Include="Source Files">
      <UniqueIdentifier>{4FC737F1-C7A5-4376-A066-2A32D752A2FF}</UniqueIdentifier>
      <Extensions>cpp;c;cc;cxx;c++;cppm;ixx;def;odl;idl;hpj;bat;asm;asmx</Extensions>
    </Filter>
    <Filter Include="Header Files">
      <UniqueIdentifier>{93995380-89BD-4b04-88EB-625FBE52EBFB}</UniqueIdentifier>
      <Extensions>h;hh;hpp;hxx;h++;hm;inl;inc;ipp;xsd</Extensions>
    </Filter>
    <Filter Include="Resource Files">
      <UniqueIdentifier>{67DA6AB6-F800-4c08-8B7A-83BB121AAD01}</UniqueIdentifier>
      <Extensions>rc;ico;cur;bmp;dlg;rc2;rct;bin;rgs;gif;jpg;jpeg;jpe;resx;tiff;tif;png;wav;mfcribbon-ms</Extensions>
    </Filter>
    <Filter Include="Module Files">
      <UniqueIdentifier>{21253bf4-0626-49c6-86f9-92a09383e79c}</UniqueIdentifier>
    </Filter>
    <Filter Include="Module Files\Win32">
      <UniqueIdentifier>{236dafd2-5ca5-4c57-ae72-87500f9a1871}</UniqueIdentifier>
    </Filter>
    <Filter Include="Module Files\Components">
      <UniqueIdentifier>{4727d02e-55f3-4af9-bdad-d3e2321cfb82}</UniqueIdentifier>
    </Filter>
    <Filter Include="Source Files\Components">
      <UniqueIdentifier>{8dde66e7-7e7e-43d9-b22b-a4468217dcf4}</UniqueIdentifier>
    </Filter>
    <Filter Include="Module Files\Concepts">
      <UniqueIdentifier>{4435be71-15ba-4bf7-8a77-07db48df99c0}</UniqueIdentifier>
    </Filter>
    <Filter Include="Module Files\Settings">
      <UniqueIdentifier>{ee788058-70fe-47c7-b24d-a394caf181a9}</UniqueIdentifier>
    </Filter>
    <Filter Include="Source Files\Settings">
      <UniqueIdentifier>{3e6e113d-854d-4e7e-8601-26bdd37dcfa2}</UniqueIdentifier>
    </Filter>
    <Filter Include="Module Files\Scene Graph">
      <UniqueIdentifier>{0d6b1606-22dd-484f-b125-53e9b281fc85}</UniqueIdentifier>
    </Filter>
    <Filter Include="Source Files\Scene Graph">
      <UniqueIdentifier>{df97a35b-0815-4534-8526-b78ef4b68313}</UniqueIdentifier>
    </Filter>
    <Filter Include="Module Files\Application State">
      <UniqueIdentifier>{27b4e838-8350-4059-a66b-6ef758bc21f6}</UniqueIdentifier>
    </Filter>
    <Filter Include="Source Files\Application State">
      <UniqueIdentifier>{d73feadb-f51f-4d93-a877-4aae68469670}</UniqueIdentifier>
    </Filter>
    <Filter Include="Module Files\Application State\States">
      <UniqueIdentifier>{8e377aa4-4b03-4486-8766-4ccf66f10b4b}</UniqueIdentifier>
    </Filter>
    <Filter Include="Source Files\Application State\States">
      <UniqueIdentifier>{83fabb6f-993e-4657-bf5d-09eb25a3fff4}</UniqueIdentifier>
    </Filter>
    <Filter Include="Shader Files">
      <UniqueIdentifier>{74a0ae76-59d8-432a-97e6-a7d315ed4c58}</UniqueIdentifier>
    </Filter>
    <Filter Include="Shader Files\Compression">
      <UniqueIdentifier>{077c2b8d-53aa-47c0-851e-4db98dea383c}</UniqueIdentifier>
    </Filter>
    <Filter Include="Module Files\Window Management">
      <UniqueIdentifier>{0102cfd4-99e5-4760-b2b1-efc917262e34}</UniqueIdentifier>
    </Filter>
    <Filter Include="Source Files\Window Management">
      <UniqueIdentifier>{6ab83be8-0663-40f8-b5ec-2715ea88c78c}</UniqueIdentifier>
    </Filter>
    <Filter Include="Module Files\Window Management\Window States">
      <UniqueIdentifier>{ebd20ee8-b440-442a-b69d-da70a9789a9b}</UniqueIdentifier>
    </Filter>
    <Filter Include="Source Files\Window Management\Window States">
      <UniqueIdentifier>{303aa2eb-575e-4f6c-bacb-f2a1bda3f115}</UniqueIdentifier>
    </Filter>
    <Filter Include="Module Files\Settings\Setting Enumerations">
      <UniqueIdentifier>{3163e358-63ff-4b87-836d-54c5a578132a}</UniqueIdentifier>
    </Filter>
    <Filter Include="Module Files\Math">
      <UniqueIdentifier>{a508725f-68f2-4d06-a8aa-93edf5311af0}</UniqueIdentifier>
    </Filter>
    <Filter Include="Module Files\Streaming Systems">
      <UniqueIdentifier>{7b75f20c-a89d-4ddc-9fd6-f749a8f49eff}</UniqueIdentifier>
    </Filter>
    <Filter Include="Module Files\GPU Scene Representation">
      <UniqueIdentifier>{92c8a67f-1288-4eb9-be80-7d5819e620b5}</UniqueIdentifier>
    </Filter>
    <Filter Include="Shader Files\Culling">
      <UniqueIdentifier>{cd5313b6-60c2-43f3-9044-583136286dd7}</UniqueIdentifier>
    </Filter>
    <Filter Include="Shader Files\Constants">
      <UniqueIdentifier>{84608e7d-3f19-4440-a37b-cfe2b4a87862}</UniqueIdentifier>
    </Filter>
    <Filter Include="Shader Files\Resource Binding">
      <UniqueIdentifier>{42b719f3-83ee-4393-8435-1735e36be1f2}</UniqueIdentifier>
    </Filter>
    <Filter Include="Module Files\Render Modules">
      <UniqueIdentifier>{6e2e2294-8781-43b5-acc0-66245b872370}</UniqueIdentifier>
    </Filter>
    <Filter Include="Source Files\GPU Scene Representation">
      <UniqueIdentifier>{36f406fe-db1b-4800-8423-56411877012b}</UniqueIdentifier>
    </Filter>
    <Filter Include="Source Files\Render Modules">
      <UniqueIdentifier>{33184f11-adb6-4c43-9c60-cb87275ccb6a}</UniqueIdentifier>
    </Filter>
    <Filter Include="Shader Files\Utilities">
      <UniqueIdentifier>{e4480bc1-fccb-4731-9f03-9165c16a606d}</UniqueIdentifier>
    </Filter>
    <Filter Include="Header Files\Math">
      <UniqueIdentifier>{af4b0202-1741-4723-a422-64ef6ded475e}</UniqueIdentifier>
    </Filter>
    <Filter Include="Source Files\Streaming Systems">
      <UniqueIdentifier>{d380cf9e-3e64-4154-be23-04b435b51b33}</UniqueIdentifier>
    </Filter>
    <Filter Include="Module Files\Streaming Systems\Texture Streaming">
      <UniqueIdentifier>{19ba826c-994b-42a8-9509-73733d1bc3c5}</UniqueIdentifier>
    </Filter>
    <Filter Include="Shader Files\Texture Types">
      <UniqueIdentifier>{1a6409ae-f248-4e2a-953b-a2b585f9fe79}</UniqueIdentifier>
    </Filter>
    <Filter Include="Source Files\Streaming Systems\Texture Streaming">
      <UniqueIdentifier>{b428d8a0-1179-4916-89b1-e788ba464012}</UniqueIdentifier>
    </Filter>
    <Filter Include="Module Files\Streaming Systems\Texture Streaming\Global Texture Data Uploads">
      <UniqueIdentifier>{784c6270-9065-4e5a-9313-7495c073f43d}</UniqueIdentifier>
    </Filter>
    <Filter Include="Module Files\Streaming Systems\Texture Streaming\Global Textures">
      <UniqueIdentifier>{8abb3617-6891-423f-8601-4bbd13749fcf}</UniqueIdentifier>
    </Filter>
    <Filter Include="Source Files\Streaming Systems\Texture Streaming\Global Textures">
      <UniqueIdentifier>{1c817e54-3fca-4168-b123-52fa6bf31767}</UniqueIdentifier>
    </Filter>
    <Filter Include="Source Files\Streaming Systems\Texture Streaming\Global Texture Data Uploads">
      <UniqueIdentifier>{5c2aad5e-8c5b-4ed9-a240-96977bab4a6a}</UniqueIdentifier>
    </Filter>
    <Filter Include="Module Files\Render Modules\GPU Scene Update">
      <UniqueIdentifier>{98793c70-e885-45ec-8800-571e5ce14aaf}</UniqueIdentifier>
    </Filter>
    <Filter Include="Source Files\Render Modules\GPU Scene Update">
      <UniqueIdentifier>{c96ceedd-5bb4-49a5-b382-40f3a388744f}</UniqueIdentifier>
    </Filter>
    <Filter Include="Module Files\Streaming Systems\Texture Streaming\Global Texture Updates">
      <UniqueIdentifier>{6030a4d4-072c-4393-99f1-e9071600a2bd}</UniqueIdentifier>
    </Filter>
    <Filter Include="Source Files\Streaming Systems\Texture Streaming\Global Texture Updates">
      <UniqueIdentifier>{feaa2828-faaf-45e0-be22-f7ecbf8ba8bb}</UniqueIdentifier>
    </Filter>
    <Filter Include="Shader Files\Lighting">
      <UniqueIdentifier>{ab96ca50-24a7-406c-8870-35a9ce3bb903}</UniqueIdentifier>
    </Filter>
    <Filter Include="Module Files\CPU Scene Representation">
      <UniqueIdentifier>{a2df2201-c56b-49a5-9a62-1c636b3f49be}</UniqueIdentifier>
    </Filter>
    <Filter Include="Source Files\CPU Scene Representation">
      <UniqueIdentifier>{bc38d29f-5699-471f-a6c1-f23cc1b8d9ab}</UniqueIdentifier>
    </Filter>
    <Filter Include="Shader Files\Convenience Types">
      <UniqueIdentifier>{e293eaff-b89a-4ab2-b694-7962c847788a}</UniqueIdentifier>
    </Filter>
    <Filter Include="Shader Files\Geometry">
      <UniqueIdentifier>{63ce499b-e47b-4d65-a094-14608be46c4e}</UniqueIdentifier>
    </Filter>
    <Filter Include="Shader Files\Materials">
      <UniqueIdentifier>{566b66da-75c7-4d77-a0e3-aa1d2009f6e5}</UniqueIdentifier>
    </Filter>
    <Filter Include="Module Files\CPU Scene Representation\Materials">
      <UniqueIdentifier>{e4129474-ab63-453d-a3d0-95391fb00eec}</UniqueIdentifier>
    </Filter>
    <Filter Include="Source Files\CPU Scene Representation\Materials">
      <UniqueIdentifier>{0be26dec-9402-489a-ac01-f059e137a0de}</UniqueIdentifier>
    </Filter>
    <Filter Include="Module Files\CPU Scene Representation\Meshes">
      <UniqueIdentifier>{be06602a-883d-449a-bfb6-b41e258ac598}</UniqueIdentifier>
    </Filter>
    <Filter Include="Source Files\CPU Scene Representation\Meshes">
      <UniqueIdentifier>{33a086b1-b40e-4f7b-9274-628534ab8bc2}</UniqueIdentifier>
    </Filter>
    <Filter Include="Module Files\Components\Model Instance Component">
      <UniqueIdentifier>{e1fa1fc6-b5d6-459c-beb7-b56169f47afe}</UniqueIdentifier>
    </Filter>
    <Filter Include="Source Files\Components\Model Instance Component">
      <UniqueIdentifier>{81506283-f24f-4abe-89e3-d1e4f474bd7c}</UniqueIdentifier>
    </Filter>
    <Filter Include="Module Files\Scene Nodes">
      <UniqueIdentifier>{350dde02-6b01-4db8-8efb-b25c4cee4d4d}</UniqueIdentifier>
    </Filter>
    <Filter Include="Module Files\Scene Nodes\Lights">
      <UniqueIdentifier>{ca5cc41f-12e3-4ad1-baaa-d4bb3de37350}</UniqueIdentifier>
    </Filter>
    <Filter Include="Source Files\Scene Nodes">
      <UniqueIdentifier>{32106af0-7928-4e0f-879c-11827d45591d}</UniqueIdentifier>
    </Filter>
    <Filter Include="Source Files\Scene Nodes\Lights">
      <UniqueIdentifier>{fc278bf5-06cf-40e8-bc4b-5eba1fa1a8a8}</UniqueIdentifier>
    </Filter>
    <Filter Include="Module Files\Components\View Component">
      <UniqueIdentifier>{8fbf8f65-7767-46e8-8681-99ba28cf1f36}</UniqueIdentifier>
    </Filter>
    <Filter Include="Source Files\Components\View Component">
      <UniqueIdentifier>{e4e987db-f055-447b-8fbc-96588f022578}</UniqueIdentifier>
    </Filter>
  </ItemGroup>
  <ItemGroup>
    <ClCompile Include="src\Main.cpp">
      <Filter>Source Files</Filter>
    </ClCompile>
    <ClCompile Include="src\Application.cpp">
      <Filter>Source Files</Filter>
    </ClCompile>
    <ClCompile Include="src\ExceptionReporter.cpp">
      <Filter>Source Files</Filter>
    </ClCompile>
    <ClCompile Include="src\Manifest.ixx">
      <Filter>Module Files</Filter>
    </ClCompile>
    <ClCompile Include="src\ExceptionReporter.ixx">
      <Filter>Module Files</Filter>
    </ClCompile>
    <ClCompile Include="src\WindowMessage.ixx">
      <Filter>Module Files\Win32</Filter>
    </ClCompile>
    <ClCompile Include="src\Application.ixx">
      <Filter>Module Files</Filter>
    </ClCompile>
    <ClCompile Include="src\I_Component.ixx">
      <Filter>Module Files\Components</Filter>
    </ClCompile>
    <ClCompile Include="src\I_Component.cpp">
      <Filter>Source Files\Components</Filter>
    </ClCompile>
    <ClCompile Include="src\ComponentID.ixx">
      <Filter>Module Files\Components</Filter>
    </ClCompile>
    <ClCompile Include="src\ComponentCollection.ixx">
      <Filter>Module Files\Components</Filter>
    </ClCompile>
    <ClCompile Include="src\ComponentCollection.cpp">
      <Filter>Source Files\Components</Filter>
    </ClCompile>
    <ClCompile Include="src\SettingID.ixx">
      <Filter>Module Files\Settings</Filter>
    </ClCompile>
    <ClCompile Include="src\SettingsDef.ixx">
      <Filter>Module Files\Settings</Filter>
    </ClCompile>
    <ClCompile Include="src\SettingsManager.ixx">
      <Filter>Module Files\Settings</Filter>
    </ClCompile>
    <ClCompile Include="src\SettingsManager.cpp">
      <Filter>Source Files\Settings</Filter>
    </ClCompile>
    <ClCompile Include="src\INIManager.ixx">
      <Filter>Module Files\Settings</Filter>
    </ClCompile>
    <ClCompile Include="src\INIManager.cpp">
      <Filter>Source Files\Settings</Filter>
    </ClCompile>
    <ClCompile Include="src\CompositeEnum.ixx">
      <Filter>Module Files</Filter>
    </ClCompile>
    <ClCompile Include="src\MSVCConcepts.ixx">
      <Filter>Module Files\Concepts</Filter>
    </ClCompile>
    <ClCompile Include="src\SceneNode.ixx">
      <Filter>Module Files\Scene Graph</Filter>
    </ClCompile>
    <ClCompile Include="src\SceneGraph.ixx">
      <Filter>Module Files\Scene Graph</Filter>
    </ClCompile>
    <ClCompile Include="src\SceneNodeID.ixx">
      <Filter>Module Files\Scene Graph</Filter>
    </ClCompile>
    <ClCompile Include="src\SceneNode.cpp">
      <Filter>Source Files\Scene Graph</Filter>
    </ClCompile>
    <ClCompile Include="src\SceneGraph.cpp">
      <Filter>Source Files\Scene Graph</Filter>
    </ClCompile>
    <ClCompile Include="src\ApplicationStateStack.ixx">
      <Filter>Module Files\Application State</Filter>
    </ClCompile>
    <ClCompile Include="src\I_ApplicationState.ixx">
      <Filter>Module Files\Application State</Filter>
    </ClCompile>
    <ClCompile Include="src\I_ApplicationState.cpp">
      <Filter>Source Files\Application State</Filter>
    </ClCompile>
    <ClCompile Include="src\ApplicationStateID.ixx">
      <Filter>Module Files\Application State</Filter>
    </ClCompile>
    <ClCompile Include="src\ApplicationStateMap.ixx">
      <Filter>Module Files\Application State</Filter>
    </ClCompile>
    <ClCompile Include="src\ApplicationStateStackRequestBundle.ixx">
      <Filter>Module Files\Application State</Filter>
    </ClCompile>
    <ClCompile Include="src\ApplicationStateStackRequest.ixx">
      <Filter>Module Files\Application State</Filter>
    </ClCompile>
    <ClCompile Include="src\ApplicationStateStackRequestBundle.cpp">
      <Filter>Source Files\Application State</Filter>
    </ClCompile>
    <ClCompile Include="src\ApplicationStateStack.cpp">
      <Filter>Source Files\Application State</Filter>
    </ClCompile>
    <ClCompile Include="src\GameState.ixx">
      <Filter>Module Files\Application State\States</Filter>
    </ClCompile>
    <ClCompile Include="src\ApplicationStates.ixx">
      <Filter>Module Files\Application State\States</Filter>
    </ClCompile>
    <ClCompile Include="src\GameState.cpp">
      <Filter>Source Files\Application State\States</Filter>
    </ClCompile>
    <ClCompile Include="src\World.ixx">
      <Filter>Module Files\Scene Graph</Filter>
    </ClCompile>
    <ClCompile Include="src\World.cpp">
      <Filter>Source Files\Scene Graph</Filter>
    </ClCompile>
    <ClCompile Include="src\Components.ixx">
      <Filter>Module Files\Components</Filter>
    </ClCompile>
    <ClCompile Include="src\ComponentMap.ixx">
      <Filter>Module Files\Components</Filter>
    </ClCompile>
    <ClCompile Include="src\MonitorHub.ixx">
      <Filter>Module Files\Window Management</Filter>
    </ClCompile>
    <ClCompile Include="src\Monitor.ixx">
      <Filter>Module Files\Window Management</Filter>
    </ClCompile>
    <ClCompile Include="src\MonitorHub.cpp">
      <Filter>Source Files\Window Management</Filter>
    </ClCompile>
    <ClCompile Include="src\Monitor.cpp">
      <Filter>Source Files\Window Management</Filter>
    </ClCompile>
    <ClCompile Include="src\AppWindow.ixx">
      <Filter>Module Files\Window Management</Filter>
    </ClCompile>
    <ClCompile Include="src\I_WindowState.ixx">
      <Filter>Module Files\Window Management\Window States</Filter>
    </ClCompile>
    <ClCompile Include="src\WindowStateID.ixx">
      <Filter>Module Files\Window Management\Window States</Filter>
    </ClCompile>
    <ClCompile Include="src\WindowedModeWindowState.ixx">
      <Filter>Module Files\Window Management\Window States</Filter>
    </ClCompile>
    <ClCompile Include="src\WindowedModeWindowState.cpp">
      <Filter>Source Files\Window Management\Window States</Filter>
    </ClCompile>
    <ClCompile Include="src\FullscreenModeWindowState.ixx">
      <Filter>Module Files\Window Management\Window States</Filter>
    </ClCompile>
    <ClCompile Include="src\FullscreenModeWindowState.cpp">
      <Filter>Source Files\Window Management\Window States</Filter>
    </ClCompile>
    <ClCompile Include="src\WindowStateTraits.ixx">
      <Filter>Module Files\Window Management\Window States</Filter>
    </ClCompile>
    <ClCompile Include="src\AppWindow.cpp">
      <Filter>Source Files\Window Management</Filter>
    </ClCompile>
    <ClCompile Include="src\SwapChain.ixx">
      <Filter>Module Files\Window Management</Filter>
    </ClCompile>
    <ClCompile Include="src\BorderlessWindowedModeWindowState.ixx">
      <Filter>Module Files\Window Management\Window States</Filter>
    </ClCompile>
    <ClCompile Include="src\BorderlessWindowedModeWindowState.cpp">
      <Filter>Source Files\Window Management\Window States</Filter>
    </ClCompile>
    <ClCompile Include="src\WindowDisplayMode.ixx">
      <Filter>Module Files\Settings\Setting Enumerations</Filter>
    </ClCompile>
    <ClCompile Include="src\CreateWindowInfo.ixx">
      <Filter>Module Files\Win32</Filter>
    </ClCompile>
    <ClCompile Include="src\SwapChain.cpp">
      <Filter>Source Files\Window Management</Filter>
    </ClCompile>
    <ClCompile Include="src\MathTypes.ixx">
      <Filter>Module Files\Math</Filter>
    </ClCompile>
    <ClCompile Include="src\WindowMessageHandler.ixx">
      <Filter>Module Files\Window Management</Filter>
    </ClCompile>
    <ClCompile Include="src\WindowMessageHandler.cpp">
      <Filter>Source Files\Window Management</Filter>
    </ClCompile>
    <ClCompile Include="src\I_WindowState.cpp">
      <Filter>Source Files\Window Management\Window States</Filter>
    </ClCompile>
    <ClCompile Include="src\MonitorInfoGraph.ixx">
      <Filter>Module Files\Window Management</Filter>
    </ClCompile>
    <ClCompile Include="src\MonitorInformation.ixx">
      <Filter>Module Files\Win32</Filter>
    </ClCompile>
    <ClCompile Include="src\MonitorInfoGraph.cpp">
      <Filter>Source Files\Window Management</Filter>
    </ClCompile>
    <ClCompile Include="src\Shaders\TriangleClusterFrustumCull.hlsl">
      <Filter>Shader Files\Culling</Filter>
    </ClCompile>
    <ClCompile Include="src\GPUSceneManager.ixx">
      <Filter>Module Files\GPU Scene Representation</Filter>
    </ClCompile>
    <ClCompile Include="src\GPUSceneTypes.ixx">
      <Filter>Module Files\GPU Scene Representation</Filter>
    </ClCompile>
    <ClCompile Include="src\GPUSceneManager.cpp">
      <Filter>Source Files\GPU Scene Representation</Filter>
    </ClCompile>
    <ClCompile Include="src\TransformComponent.ixx">
      <Filter>Module Files\Components</Filter>
    </ClCompile>
    <ClCompile Include="src\MathConstants.ixx">
      <Filter>Module Files\Math</Filter>
    </ClCompile>
    <ClCompile Include="src\TransformComponent.cpp">
      <Filter>Source Files\Components</Filter>
    </ClCompile>
    <ClCompile Include="src\VirtualTexture.ixx">
      <Filter>Module Files\Streaming Systems\Texture Streaming</Filter>
    </ClCompile>
    <ClCompile Include="src\VirtualTexture.cpp">
      <Filter>Source Files\Streaming Systems\Texture Streaming</Filter>
    </ClCompile>
    <ClCompile Include="src\VirtualTextureDatabase.ixx">
      <Filter>Module Files\Streaming Systems\Texture Streaming</Filter>
    </ClCompile>
    <ClCompile Include="src\VirtualTextureHandle.ixx">
      <Filter>Module Files\Streaming Systems\Texture Streaming</Filter>
    </ClCompile>
    <ClCompile Include="src\VirtualTextureHandle.cpp">
      <Filter>Source Files\Streaming Systems\Texture Streaming</Filter>
    </ClCompile>
    <ClCompile Include="src\VirtualTextureDatabase.cpp">
      <Filter>Source Files\Streaming Systems\Texture Streaming</Filter>
    </ClCompile>
    <ClCompile Include="src\GlobalTextureCollection.ixx">
      <Filter>Module Files\Streaming Systems\Texture Streaming\Global Textures</Filter>
    </ClCompile>
    <ClCompile Include="src\GlobalTextureReservedPage.ixx">
      <Filter>Module Files\Streaming Systems\Texture Streaming\Global Textures</Filter>
    </ClCompile>
    <ClCompile Include="src\VirtualTextureLogicalPage.ixx">
      <Filter>Module Files\Streaming Systems\Texture Streaming</Filter>
    </ClCompile>
    <ClCompile Include="src\GlobalTextureReservedPage.cpp">
      <Filter>Source Files\Streaming Systems\Texture Streaming\Global Textures</Filter>
    </ClCompile>
    <ClCompile Include="src\VirtualTextureMetadata.ixx">
      <Filter>Module Files\Streaming Systems\Texture Streaming</Filter>
    </ClCompile>
    <ClCompile Include="src\VirtualTextureMetadata.cpp">
      <Filter>Source Files\Streaming Systems\Texture Streaming</Filter>
    </ClCompile>
    <ClCompile Include="src\GlobalTexture.ixx">
      <Filter>Module Files\Streaming Systems\Texture Streaming\Global Textures</Filter>
    </ClCompile>
    <ClCompile Include="src\GlobalTextureFormatInfo.ixx">
      <Filter>Module Files\Streaming Systems\Texture Streaming\Global Textures</Filter>
    </ClCompile>
    <ClCompile Include="src\VirtualTextureConstants.ixx">
      <Filter>Module Files\Streaming Systems\Texture Streaming</Filter>
    </ClCompile>
    <ClCompile Include="src\GPUSceneUpdateRenderModule.ixx">
      <Filter>Module Files\Render Modules\GPU Scene Update</Filter>
    </ClCompile>
    <ClCompile Include="src\GPUSceneBufferUpdateSubModule.ixx">
      <Filter>Module Files\Render Modules\GPU Scene Update</Filter>
    </ClCompile>
    <ClCompile Include="src\GPUSceneUpdateRenderModule.cpp">
      <Filter>Source Files\Render Modules\GPU Scene Update</Filter>
    </ClCompile>
    <ClCompile Include="src\GPUSceneBufferUpdateSubModule.cpp">
      <Filter>Source Files\Render Modules\GPU Scene Update</Filter>
    </ClCompile>
    <ClCompile Include="src\VirtualTextureManagementSubModule.ixx">
      <Filter>Module Files\Render Modules\GPU Scene Update</Filter>
    </ClCompile>
    <ClCompile Include="src\VirtualTextureManagementSubModule.cpp">
      <Filter>Source Files\Render Modules\GPU Scene Update</Filter>
    </ClCompile>
    <ClCompile Include="src\GPUSceneBuffer.ixx">
      <Filter>Module Files\GPU Scene Representation</Filter>
    </ClCompile>
    <ClCompile Include="src\GPUSceneBufferID.ixx">
      <Filter>Module Files\GPU Scene Representation</Filter>
    </ClCompile>
    <ClCompile Include="src\GPUSceneBufferMap.ixx">
      <Filter>Module Files\GPU Scene Representation</Filter>
    </ClCompile>
    <ClCompile Include="src\GPUSceneBufferUpdater.ixx">
      <Filter>Module Files\GPU Scene Representation</Filter>
    </ClCompile>
    <ClCompile Include="src\GPUSceneLimits.ixx">
      <Filter>Module Files\GPU Scene Representation</Filter>
    </ClCompile>
    <ClCompile Include="src\GPUSceneBufferUpdateOperation.ixx">
      <Filter>Module Files\GPU Scene Representation</Filter>
    </ClCompile>
    <ClCompile Include="src\GPUSceneBufferUpdateMonitor.ixx">
      <Filter>Module Files\Render Modules\GPU Scene Update</Filter>
    </ClCompile>
    <ClCompile Include="src\VirtualTextureFeedback.ixx">
      <Filter>Module Files\Streaming Systems\Texture Streaming</Filter>
    </ClCompile>
    <ClCompile Include="src\GlobalTextureUpdateContext.ixx">
      <Filter>Module Files\Streaming Systems\Texture Streaming\Global Texture Updates</Filter>
    </ClCompile>
    <ClCompile Include="src\I_VirtualTexturePageState.ixx">
      <Filter>Module Files\Streaming Systems\Texture Streaming\Global Texture Updates</Filter>
    </ClCompile>
    <ClCompile Include="src\GlobalTexturePageInfo.ixx">
      <Filter>Module Files\Streaming Systems\Texture Streaming\Global Textures</Filter>
    </ClCompile>
    <ClCompile Include="src\GlobalTexturePageInfo.cpp">
      <Filter>Source Files\Streaming Systems\Texture Streaming\Global Textures</Filter>
    </ClCompile>
    <ClCompile Include="src\VirtualTexturePageStates.ixx">
      <Filter>Module Files\Streaming Systems\Texture Streaming\Global Texture Updates</Filter>
    </ClCompile>
    <ClCompile Include="src\GlobalTexturePageUploadRequest.ixx">
      <Filter>Module Files\Streaming Systems\Texture Streaming\Global Texture Updates</Filter>
    </ClCompile>
    <ClCompile Include="src\GlobalTexturePageRemovalRequest.ixx">
      <Filter>Module Files\Streaming Systems\Texture Streaming\Global Texture Updates</Filter>
    </ClCompile>
    <ClCompile Include="src\GlobalTexturePageTransferRequest.ixx">
      <Filter>Module Files\Streaming Systems\Texture Streaming\Global Texture Updates</Filter>
    </ClCompile>
    <ClCompile Include="src\VirtualTexturePageStateID.ixx">
      <Filter>Module Files\Streaming Systems\Texture Streaming\Global Texture Updates</Filter>
    </ClCompile>
    <ClCompile Include="src\VirtualTexturePageStateTraits.ixx">
      <Filter>Module Files\Streaming Systems\Texture Streaming\Global Texture Updates</Filter>
    </ClCompile>
    <ClCompile Include="src\GlobalTextureUpdateContext.cpp">
      <Filter>Source Files\Streaming Systems\Texture Streaming\Global Texture Updates</Filter>
    </ClCompile>
    <ClCompile Include="src\ActiveGlobalTexturePageStats.ixx">
      <Filter>Module Files\Streaming Systems\Texture Streaming\Global Textures</Filter>
    </ClCompile>
    <ClCompile Include="src\GlobalTextureIndexer.ixx">
      <Filter>Module Files\Streaming Systems\Texture Streaming\Global Textures</Filter>
    </ClCompile>
    <ClCompile Include="src\GlobalTexturePageSlot.ixx">
      <Filter>Module Files\Streaming Systems\Texture Streaming\Global Textures</Filter>
    </ClCompile>
    <ClCompile Include="src\GlobalTexturePageSlot.cpp">
      <Filter>Source Files\Streaming Systems\Texture Streaming\Global Textures</Filter>
    </ClCompile>
    <ClCompile Include="src\VirtualTextureActivePageTracker.ixx">
      <Filter>Module Files\Streaming Systems\Texture Streaming</Filter>
    </ClCompile>
    <ClCompile Include="src\GlobalTexturePageIdentifier.ixx">
      <Filter>Module Files\Streaming Systems\Texture Streaming\Global Textures</Filter>
    </ClCompile>
    <ClCompile Include="src\VirtualTextureActivePageTracker.cpp">
      <Filter>Source Files\Streaming Systems\Texture Streaming</Filter>
    </ClCompile>
    <ClCompile Include="src\GlobalTexturePageTransferSubModule.ixx">
      <Filter>Module Files\Render Modules\GPU Scene Update</Filter>
    </ClCompile>
    <ClCompile Include="src\GlobalTexturePageTransferSubModule.cpp">
      <Filter>Source Files\Render Modules\GPU Scene Update</Filter>
    </ClCompile>
    <ClCompile Include="src\GlobalTexturePageRemovalSubModule.ixx">
      <Filter>Module Files\Render Modules\GPU Scene Update</Filter>
    </ClCompile>
    <ClCompile Include="src\GlobalTexturePageRemovalSubModule.cpp">
      <Filter>Source Files\Render Modules\GPU Scene Update</Filter>
    </ClCompile>
    <ClCompile Include="src\IndirectionTextureUpdater.ixx">
      <Filter>Module Files\Render Modules\GPU Scene Update</Filter>
    </ClCompile>
    <ClCompile Include="src\IndirectionTextureUpdater.cpp">
      <Filter>Source Files\Render Modules\GPU Scene Update</Filter>
    </ClCompile>
    <ClCompile Include="src\GlobalTexturePageUploadSet.ixx">
      <Filter>Module Files\Streaming Systems\Texture Streaming\Global Texture Data Uploads</Filter>
    </ClCompile>
    <ClCompile Include="src\GlobalTexturePageUploadSet.cpp">
      <Filter>Source Files\Streaming Systems\Texture Streaming\Global Texture Data Uploads</Filter>
    </ClCompile>
    <ClCompile Include="src\GlobalTexturePageUploadRequest.cpp">
      <Filter>Source Files\Streaming Systems\Texture Streaming\Global Texture Updates</Filter>
    </ClCompile>
    <ClCompile Include="src\GlobalTexturePageUploadSubModule.ixx">
      <Filter>Module Files\Render Modules\GPU Scene Update</Filter>
    </ClCompile>
    <ClCompile Include="src\GlobalTexturePageUploadSubModule.cpp">
      <Filter>Source Files\Render Modules\GPU Scene Update</Filter>
    </ClCompile>
    <ClCompile Include="src\VirtualTextureStreamingNotifier.ixx">
      <Filter>Module Files\Streaming Systems\Texture Streaming</Filter>
    </ClCompile>
    <ClCompile Include="src\VirtualTextureStreamingNotifier.cpp">
      <Filter>Source Files\Streaming Systems\Texture Streaming</Filter>
    </ClCompile>
    <ClCompile Include="src\VirtualTextureManagementPassCollection.ixx">
      <Filter>Module Files\Render Modules\GPU Scene Update</Filter>
    </ClCompile>
    <ClCompile Include="src\VirtualTextureManagementPassCollection.cpp">
      <Filter>Source Files\Render Modules\GPU Scene Update</Filter>
    </ClCompile>
    <ClCompile Include="src\GlobalTextureDatabase.ixx">
      <Filter>Module Files\Streaming Systems\Texture Streaming\Global Textures</Filter>
    </ClCompile>
    <ClCompile Include="src\GlobalTextureDatabase.cpp">
      <Filter>Source Files\Streaming Systems\Texture Streaming\Global Textures</Filter>
    </ClCompile>
    <ClCompile Include="src\VirtualTextureStreamer.ixx">
      <Filter>Module Files\Streaming Systems\Texture Streaming</Filter>
    </ClCompile>
    <ClCompile Include="src\VirtualTextureStreamer.cpp">
      <Filter>Source Files\Streaming Systems\Texture Streaming</Filter>
    </ClCompile>
    <ClCompile Include="src\GlobalTexturePageTransferRequest.cpp">
      <Filter>Source Files\Streaming Systems\Texture Streaming\Global Texture Updates</Filter>
    </ClCompile>
    <ClCompile Include="src\GlobalTexturePageRemovalRequest.cpp">
      <Filter>Source Files\Streaming Systems\Texture Streaming\Global Texture Updates</Filter>
    </ClCompile>
    <ClCompile Include="src\SceneTextureDatabase.ixx">
      <Filter>Module Files\CPU Scene Representation</Filter>
    </ClCompile>
    <ClCompile Include="src\SceneTextures.ixx">
      <Filter>Module Files\CPU Scene Representation</Filter>
    </ClCompile>
    <ClCompile Include="src\TypedSceneTextureDatabase.ixx">
      <Filter>Module Files\CPU Scene Representation</Filter>
    </ClCompile>
    <ClCompile Include="src\SceneTextureHandles.ixx">
      <Filter>Module Files\CPU Scene Representation</Filter>
    </ClCompile>
    <ClCompile Include="src\SceneTextureHandles.cpp">
      <Filter>Source Files\CPU Scene Representation</Filter>
    </ClCompile>
    <ClCompile Include="src\SceneTextureDatabase.cpp">
      <Filter>Source Files\CPU Scene Representation</Filter>
    </ClCompile>
    <ClCompile Include="src\StandardMaterialDefinition.ixx">
      <Filter>Module Files\CPU Scene Representation\Materials</Filter>
    </ClCompile>
    <ClCompile Include="src\I_MaterialDefinition.ixx">
      <Filter>Module Files\CPU Scene Representation\Materials</Filter>
    </ClCompile>
    <ClCompile Include="src\MaterialDefinitionGraph.ixx">
      <Filter>Module Files\CPU Scene Representation\Materials</Filter>
    </ClCompile>
    <ClCompile Include="src\StandardMaterialBuilder.ixx">
      <Filter>Module Files\CPU Scene Representation\Materials</Filter>
    </ClCompile>
    <ClCompile Include="src\StandardMaterialDefinition.cpp">
      <Filter>Source Files\CPU Scene Representation\Materials</Filter>
    </ClCompile>
    <ClCompile Include="src\MaterialDefinitionHandle.ixx">
      <Filter>Module Files\CPU Scene Representation\Materials</Filter>
    </ClCompile>
    <ClCompile Include="src\MaterialDefinitionHandle.cpp">
      <Filter>Source Files\CPU Scene Representation\Materials</Filter>
    </ClCompile>
    <ClCompile Include="src\I_MaterialDefinition.cpp">
      <Filter>Source Files\CPU Scene Representation\Materials</Filter>
    </ClCompile>
    <ClCompile Include="src\MaterialDefinitionGraph.cpp">
      <Filter>Source Files\CPU Scene Representation\Materials</Filter>
    </ClCompile>
    <ClCompile Include="src\Mesh.ixx">
      <Filter>Module Files\CPU Scene Representation\Meshes</Filter>
    </ClCompile>
    <ClCompile Include="src\MeshBuilder.ixx">
      <Filter>Module Files\CPU Scene Representation\Meshes</Filter>
    </ClCompile>
    <ClCompile Include="src\MeshData.ixx">
      <Filter>Module Files\CPU Scene Representation\Meshes</Filter>
    </ClCompile>
    <ClCompile Include="src\Model.ixx">
      <Filter>Module Files\CPU Scene Representation\Meshes</Filter>
    </ClCompile>
    <ClCompile Include="src\IndexBuffer.ixx">
      <Filter>Module Files\CPU Scene Representation\Meshes</Filter>
    </ClCompile>
    <ClCompile Include="src\GenericPreFrameUpdateSubModule.ixx">
      <Filter>Module Files\Render Modules\GPU Scene Update</Filter>
    </ClCompile>
    <ClCompile Include="src\GenericPreFrameBufferUpdate.ixx">
      <Filter>Module Files\GPU Scene Representation</Filter>
    </ClCompile>
    <ClCompile Include="src\GenericPreFrameBufferUpdate.cpp">
      <Filter>Source Files\GPU Scene Representation</Filter>
    </ClCompile>
    <ClCompile Include="src\GenericPreFrameUpdateSubModule.cpp">
      <Filter>Source Files\Render Modules\GPU Scene Update</Filter>
    </ClCompile>
    <ClCompile Include="src\Mesh.cpp">
      <Filter>Source Files\CPU Scene Representation\Meshes</Filter>
    </ClCompile>
    <ClCompile Include="src\MeshBuilder.cpp">
      <Filter>Source Files\CPU Scene Representation\Meshes</Filter>
    </ClCompile>
    <ClCompile Include="src\Model.cpp">
      <Filter>Source Files\CPU Scene Representation\Meshes</Filter>
    </ClCompile>
    <ClCompile Include="src\ModelDatabase.ixx">
      <Filter>Module Files\CPU Scene Representation\Meshes</Filter>
    </ClCompile>
    <ClCompile Include="src\ModelHandle.ixx">
      <Filter>Module Files\CPU Scene Representation\Meshes</Filter>
    </ClCompile>
    <ClCompile Include="src\ModelHandle.cpp">
      <Filter>Source Files\CPU Scene Representation\Meshes</Filter>
    </ClCompile>
    <ClCompile Include="src\ModelDatabase.cpp">
      <Filter>Source Files\CPU Scene Representation\Meshes</Filter>
    </ClCompile>
    <ClCompile Include="src\ModelInstanceComponent.ixx">
      <Filter>Module Files\Components\Model Instance Component</Filter>
    </ClCompile>
    <ClCompile Include="src\ModelInstanceTransformUpdater.ixx">
      <Filter>Module Files\Components\Model Instance Component</Filter>
    </ClCompile>
    <ClCompile Include="src\ModelInstanceTransformUpdater.cpp">
      <Filter>Source Files\Components\Model Instance Component</Filter>
    </ClCompile>
    <ClCompile Include="src\ModelInstanceComponent.cpp">
      <Filter>Source Files\Components\Model Instance Component</Filter>
    </ClCompile>
    <ClCompile Include="src\LightID.ixx">
      <Filter>Module Files\Scene Nodes\Lights</Filter>
    </ClCompile>
    <ClCompile Include="src\LightDescriptorUpdater.ixx">
      <Filter>Module Files\Scene Nodes\Lights</Filter>
    </ClCompile>
    <ClCompile Include="src\PointLight.ixx">
      <Filter>Module Files\Scene Nodes\Lights</Filter>
    </ClCompile>
    <ClCompile Include="src\PointLight.cpp">
      <Filter>Source Files\Scene Nodes\Lights</Filter>
    </ClCompile>
    <ClCompile Include="src\SpotLight.ixx">
      <Filter>Module Files\Scene Nodes\Lights</Filter>
    </ClCompile>
    <ClCompile Include="src\SpotLight.cpp">
      <Filter>Source Files\Scene Nodes\Lights</Filter>
    </ClCompile>
    <ClCompile Include="src\ViewComponent.ixx">
      <Filter>Module Files\Components\View Component</Filter>
    </ClCompile>
    <ClCompile Include="src\ViewTransformUpdater.ixx">
      <Filter>Module Files\Components\View Component</Filter>
    </ClCompile>
    <ClCompile Include="src\ViewComponent.cpp">
      <Filter>Source Files\Components\View Component</Filter>
    </ClCompile>
    <ClCompile Include="src\ViewTransformUpdater.cpp">
      <Filter>Source Files\Components\View Component</Filter>
    </ClCompile>
    <ClCompile Include="src\ViewDimensionsUpdater.ixx">
      <Filter>Module Files\Components\View Component</Filter>
    </ClCompile>
    <ClCompile Include="src\ViewDimensionsUpdater.cpp">
      <Filter>Source Files\Components\View Component</Filter>
    </ClCompile>
  </ItemGroup>
  <ItemGroup>
    <ClInclude Include="resource.h">
      <Filter>Header Files</Filter>
    </ClInclude>
    <ClInclude Include="src\Matrix.h">
      <Filter>Header Files\Math</Filter>
    </ClInclude>
    <ClInclude Include="src\Quaternion.h">
      <Filter>Header Files\Math</Filter>
    </ClInclude>
    <ClInclude Include="src\Vector.h">
      <Filter>Header Files\Math</Filter>
    </ClInclude>
  </ItemGroup>
  <ItemGroup>
    <ResourceCompile Include="BrawlerEngine.rc">
      <Filter>Resource Files</Filter>
    </ResourceCompile>
  </ItemGroup>
  <ItemGroup>
    <None Include="packages.config" />
    <None Include="src\Shaders\TriangleCluster.hlsli">
      <Filter>Shader Files\Geometry</Filter>
    </None>
    <None Include="src\Shaders\MeshTypes.hlsli">
      <Filter>Shader Files\Geometry</Filter>
    </None>
    <None Include="src\Shaders\TangentFramePacking.hlsli">
      <Filter>Shader Files\Compression</Filter>
    </None>
    <None Include="src\Shaders\NormalPacking.hlsli">
      <Filter>Shader Files\Compression</Filter>
    </None>
    <None Include="src\Shaders\GPUSceneLimits.hlsli">
      <Filter>Shader Files\Constants</Filter>
    </None>
    <None Include="src\Shaders\MeshConstants.hlsli">
      <Filter>Shader Files\Constants</Filter>
    </None>
    <None Include="src\Shaders\NumericLimits.hlsli">
      <Filter>Shader Files\Constants</Filter>
    </None>
    <None Include="src\Shaders\BindlessDescriptors.hlsli">
      <Filter>Shader Files\Resource Binding</Filter>
    </None>
    <None Include="src\Shaders\ViewTypes.hlsli">
      <Filter>Shader Files\Geometry</Filter>
    </None>
    <None Include="src\Shaders\TransformUtil.hlsli">
      <Filter>Shader Files\Utilities</Filter>
    </None>
    <None Include="src\Shaders\VirtualTextureDescription.hlsli">
      <Filter>Shader Files\Texture Types</Filter>
    </None>
    <None Include="src\Shaders\GlobalTextureDescription.hlsli">
      <Filter>Shader Files\Texture Types</Filter>
    </None>
    <None Include="src\Shaders\BRDF.hlsli">
      <Filter>Shader Files\Lighting</Filter>
    </None>
    <None Include="src\Shaders\PointLight.hlsli">
      <Filter>Shader Files\Lighting</Filter>
    </None>
    <None Include="src\Shaders\LightingParameters.hlsli">
      <Filter>Shader Files\Lighting</Filter>
    </None>
    <None Include="src\Shaders\SpecularBRDF.hlsli">
      <Filter>Shader Files\Lighting</Filter>
    </None>
    <None Include="src\Shaders\MathUtil.hlsli">
      <Filter>Shader Files\Utilities</Filter>
    </None>
    <None Include="src\Shaders\Fresnel.hlsli">
      <Filter>Shader Files\Lighting</Filter>
    </None>
    <None Include="src\Shaders\MathConstants.hlsli">
      <Filter>Shader Files\Constants</Filter>
    </None>
    <None Include="src\Shaders\DiffuseBRDF.hlsli">
      <Filter>Shader Files\Lighting</Filter>
    </None>
    <None Include="src\Shaders\LightDescriptor.hlsli">
      <Filter>Shader Files\Lighting</Filter>
    </None>
    <None Include="src\Shaders\SpotLight.hlsli">
      <Filter>Shader Files\Lighting</Filter>
    </None>
    <None Include="src\Shaders\PunctualLight.hlsli">
      <Filter>Shader Files\Lighting</Filter>
    </None>
    <None Include="src\Shaders\D3D12Types.hlsli">
      <Filter>Shader Files\Convenience Types</Filter>
    </None>
    <None Include="src\Shaders\DeferredGeometryRasterTypes.hlsli">
      <Filter>Shader Files\Geometry</Filter>
    </None>
    <None Include="src\Shaders\MaterialDescriptor.hlsli">
      <Filter>Shader Files\Materials</Filter>
    </None>
  </ItemGroup>
  <ItemGroup>
    <Manifest Include="BrawlerEngine.manifest">
      <Filter>Resource Files</Filter>
    </Manifest>
  </ItemGroup>
  <ItemGroup>
    <FxCompile Include="src\Shaders\DeferredOpaqueShade.hlsl">
      <Filter>Shader Files\Lighting</Filter>
    </FxCompile>
    <FxCompile Include="src\Shaders\DeferredGeometryRasterVS.hlsl">
      <Filter>Shader Files\Geometry</Filter>
    </FxCompile>
  </ItemGroup>
</Project>